
Microsoft Visual Studio Solution File, Format Version 12.00
# Visual Studio Version 16
VisualStudioVersion = 16.0.29418.71
MinimumVisualStudioVersion = 10.0.40219.1
Project("{9A19103F-16F7-4668-BE54-9A1E7A4F7556}") = "Penguin.Cms.Modules.Core", "Penguin.Cms.Modules.Core.csproj", "{EAD40281-717A-4376-9C71-2AD8F813F57E}"
EndProject
Global
	GlobalSection(SolutionConfigurationPlatforms) = preSolution
		Debug|Any CPU = Debug|Any CPU
		Release|Any CPU = Release|Any CPU
	EndGlobalSection
	GlobalSection(ProjectConfigurationPlatforms) = postSolution
		{EAD40281-717A-4376-9C71-2AD8F813F57E}.Debug|Any CPU.ActiveCfg = Debug|Any CPU
		{EAD40281-717A-4376-9C71-2AD8F813F57E}.Debug|Any CPU.Build.0 = Debug|Any CPU
		{EAD40281-717A-4376-9C71-2AD8F813F57E}.Release|Any CPU.ActiveCfg = Release|Any CPU
		{EAD40281-717A-4376-9C71-2AD8F813F57E}.Release|Any CPU.Build.0 = Release|Any CPU
	EndGlobalSection
	GlobalSection(SolutionProperties) = preSolution
		HideSolutionNode = FALSE
	EndGlobalSection
	GlobalSection(ExtensibilityGlobals) = postSolution
		SolutionGuid = {505D5991-D134-432E-9165-19D0A6F6A40C}
	EndGlobalSection
EndGlobal
