
Microsoft Visual Studio Solution File, Format Version 12.00
# Visual Studio Version 16
VisualStudioVersion = 16.0.30114.105
MinimumVisualStudioVersion = 10.0.40219.1
Project("{FAE04EC0-301F-11D3-BF4B-00C04F79EFBC}") = "Penguin.Cms.Modules.Core.Local", "Penguin.Cms.Modules.Core.Local.csproj", "{F35F1A1F-D674-4F65-B249-6C594DDF0CDD}"
EndProject
Project("{FAE04EC0-301F-11D3-BF4B-00C04F79EFBC}") = "Penguin.Navigation.Abstractions.Local", "..\Penguin.Navigation.Abstractions\Penguin.Navigation.Abstractions.Local.csproj", "{35D11579-8D7A-4624-8F66-C848C1139B1F}"
EndProject
Project("{FAE04EC0-301F-11D3-BF4B-00C04F79EFBC}") = "Penguin.Cms.Core.Local", "..\Penguin.Cms.Core\Penguin.Cms.Core.Local.csproj", "{222C7DDD-0686-469F-AAE8-563AD7B537B5}"
EndProject
Project("{FAE04EC0-301F-11D3-BF4B-00C04F79EFBC}") = "Penguin.Cms.Abstractions.Local", "..\Penguin.Cms.Abstractions\Penguin.Cms.Abstractions.Local.csproj", "{CD68D7D8-6A15-411D-B452-41D201C9CC94}"
EndProject
Project("{FAE04EC0-301F-11D3-BF4B-00C04F79EFBC}") = "Penguin.DependencyInjection.Abstractions.Local", "..\Penguin.DependencyInjection.Abstractions\Penguin.DependencyInjection.Abstractions.Local.csproj", "{BE4EF30D-3699-403D-89BF-CD682D289E3C}"
EndProject
Project("{FAE04EC0-301F-11D3-BF4B-00C04F79EFBC}") = "Penguin.Persistence.Abstractions.Local", "..\Penguin.Persistence.Abstractions\Penguin.Persistence.Abstractions.Local.csproj", "{994F2C32-81D4-4BDC-B03B-432F2D21435C}"
EndProject
Project("{FAE04EC0-301F-11D3-BF4B-00C04F79EFBC}") = "Penguin.Entities.Abstractions.Local", "..\Penguin.Entities.Abstractions\Penguin.Entities.Abstractions.Local.csproj", "{105A329B-2E27-48EA-B97F-A406848AF453}"
EndProject
Project("{FAE04EC0-301F-11D3-BF4B-00C04F79EFBC}") = "Penguin.Reflection.Extensions.Local", "..\Penguin.Reflection.Extensions\Penguin.Reflection.Extensions.Local.csproj", "{D3330E13-D42A-4394-B9EB-1C054E44A0AB}"
EndProject
Project("{FAE04EC0-301F-11D3-BF4B-00C04F79EFBC}") = "Penguin.Reflection.Abstractions.Local", "..\Penguin.Reflection.Abstractions\Penguin.Reflection.Abstractions.Local.csproj", "{F4DF9CE3-4DE7-4646-9A56-459341C87D84}"
EndProject
Project("{FAE04EC0-301F-11D3-BF4B-00C04F79EFBC}") = "Penguin.Extensions.String.Local", "..\Penguin.Extensions.String\Penguin.Extensions.String.Local.csproj", "{91DAD9B5-73F9-4F76-9004-7D7EBB16D46B}"
EndProject
Project("{FAE04EC0-301F-11D3-BF4B-00C04F79EFBC}") = "Penguin.Reflection.Local", "..\Penguin.Reflection\Penguin.Reflection.Local.csproj", "{A03D3A83-2326-41D6-BC7C-EA789F0704EC}"
EndProject
Project("{FAE04EC0-301F-11D3-BF4B-00C04F79EFBC}") = "Penguin.Debugging.Local", "..\Penguin.Debugging\Penguin.Debugging.Local.csproj", "{2798DA3E-9D6B-4996-9079-F0330D650E45}"
EndProject
Project("{FAE04EC0-301F-11D3-BF4B-00C04F79EFBC}") = "Penguin.Extensions.Exceptions.Local", "..\Penguin.Extensions.Exceptions\Penguin.Extensions.Exceptions.Local.csproj", "{0C1AC5A7-253F-46FF-809B-9D1F044899AF}"
EndProject
Project("{FAE04EC0-301F-11D3-BF4B-00C04F79EFBC}") = "Penguin.Cms.Web.Local", "..\Penguin.Cms.Web\Penguin.Cms.Web.Local.csproj", "{ECB59880-04A4-4078-B8AB-48F783465C6F}"
EndProject
Project("{FAE04EC0-301F-11D3-BF4B-00C04F79EFBC}") = "Penguin.Web.Mvc.Local", "..\Penguin.Web.Mvc\Penguin.Web.Mvc.Local.csproj", "{614C79E9-6F09-4A43-A0AB-505C6FFFCD67}"
EndProject
Project("{FAE04EC0-301F-11D3-BF4B-00C04F79EFBC}") = "Penguin.Web.Mvc.Abstractions.Local", "..\Penguin.Web.Mvc.Abstractions\Penguin.Web.Mvc.Abstractions.Local.csproj", "{481184B5-97A7-44D0-9419-974255F75111}"
EndProject
Project("{FAE04EC0-301F-11D3-BF4B-00C04F79EFBC}") = "Penguin.Templating.Abstractions.Local", "..\Penguin.Templating.Abstractions\Penguin.Templating.Abstractions.Local.csproj", "{F651023F-F0A5-4F48-973C-6AB2025F33DF}"
EndProject
Project("{FAE04EC0-301F-11D3-BF4B-00C04F79EFBC}") = "Penguin.Web.Abstractions.Local", "..\Penguin.Web.Abstractions\Penguin.Web.Abstractions.Local.csproj", "{353A4E95-DD9D-4FAD-A087-C3BB4852362D}"
EndProject
Project("{FAE04EC0-301F-11D3-BF4B-00C04F79EFBC}") = "Penguin.Configuration.Local", "..\Penguin.Configuration\Penguin.Configuration.Local.csproj", "{CA8F5F1E-CFE3-4783-A298-C50E2A035B51}"
EndProject
Project("{FAE04EC0-301F-11D3-BF4B-00C04F79EFBC}") = "Penguin.Configuration.Abstractions.Local", "..\Penguin.Configuration.Abstractions\Penguin.Configuration.Abstractions.Local.csproj", "{7B828D7D-EB8C-423D-B250-B32E11AFF5D7}"
EndProject
Project("{FAE04EC0-301F-11D3-BF4B-00C04F79EFBC}") = "Penguin.Extensions.Collections.Local", "..\Penguin.Extensions.Collections\Penguin.Extensions.Collections.Local.csproj", "{477F7366-0FAF-47FC-932A-2478D5F67CC4}"
EndProject
Project("{FAE04EC0-301F-11D3-BF4B-00C04F79EFBC}") = "Penguin.Cms.Entities.Local", "..\Penguin.Cms.Entities\Penguin.Cms.Entities.Local.csproj", "{6BB8729A-69DA-48B5-A5DE-9FE8C983FFE9}"
EndProject
Project("{FAE04EC0-301F-11D3-BF4B-00C04F79EFBC}") = "Penguin.Messaging.Application.Local", "..\Penguin.Messaging.Application\Penguin.Messaging.Application.Local.csproj", "{BCA0E186-DD78-454D-938F-958F6536D9AA}"
EndProject
Project("{FAE04EC0-301F-11D3-BF4B-00C04F79EFBC}") = "Penguin.Messaging.Core.Local", "..\Penguin.Messaging.Core\Penguin.Messaging.Core.Local.csproj", "{7F3A7423-DA3F-41A5-86D4-1D3D085997B0}"
EndProject
Project("{FAE04EC0-301F-11D3-BF4B-00C04F79EFBC}") = "Penguin.Messaging.Abstractions.Local", "..\Penguin.Messaging.Abstractions\Penguin.Messaging.Abstractions.Local.csproj", "{62E91C88-393F-4E67-8A45-F6E5795DB66B}"
EndProject
Project("{FAE04EC0-301F-11D3-BF4B-00C04F79EFBC}") = "Penguin.Testing.Local", "..\Penguin.Testing\Penguin.Testing.Local.csproj", "{5273FF3C-248A-410A-AEF7-064E46EC368E}"
EndProject
Project("{FAE04EC0-301F-11D3-BF4B-00C04F79EFBC}") = "Penguin.Web.Errors.Local", "..\Penguin.Web.Errors\Penguin.Web.Errors.Local.csproj", "{E9D41675-C8D5-4E27-AEF3-EC0C272C318B}"
EndProject
Project("{FAE04EC0-301F-11D3-BF4B-00C04F79EFBC}") = "Penguin.Files.Local", "..\Penguin.Files\Penguin.Files.Local.csproj", "{74F207E7-92DE-4B40-B098-8F23D24DDA34}"
EndProject
Project("{FAE04EC0-301F-11D3-BF4B-00C04F79EFBC}") = "Penguin.Files.Abstractions.Local", "..\Penguin.Files.Abstractions\Penguin.Files.Abstractions.Local.csproj", "{6354218E-142A-4DB4-AE9E-CE24276D0857}"
EndProject
Project("{FAE04EC0-301F-11D3-BF4B-00C04F79EFBC}") = "Penguin.Security.Abstractions.Local", "..\Penguin.Security.Abstractions\Penguin.Security.Abstractions.Local.csproj", "{7D1FD9E8-9358-4009-9933-D7622D52B4C1}"
EndProject
Project("{FAE04EC0-301F-11D3-BF4B-00C04F79EFBC}") = "Penguin.Web.DependencyInjection.Local", "..\Penguin.Web.DependencyInjection\Penguin.Web.DependencyInjection.Local.csproj", "{8B68C4DB-1162-4ADA-92FF-5E197E64F4F0}"
EndProject
Project("{FAE04EC0-301F-11D3-BF4B-00C04F79EFBC}") = "Penguin.Web.Testing.Local", "..\Penguin.Web.Testing\Penguin.Web.Testing.Local.csproj", "{DCF839BD-586F-4F9C-A853-4F5DBC508DDF}"
EndProject
Project("{FAE04EC0-301F-11D3-BF4B-00C04F79EFBC}") = "Penguin.DependencyInjection.Local", "..\Penguin.DependencyInjection\Penguin.DependencyInjection.Local.csproj", "{4B973F40-AF87-4EC4-9182-DDD01FCC59CC}"
EndProject
Project("{FAE04EC0-301F-11D3-BF4B-00C04F79EFBC}") = "Penguin.Persistence.Repositories.Local", "..\Penguin.Persistence.Repositories\Penguin.Persistence.Repositories.Local.csproj", "{82BA4BFB-E0F9-41EA-ABF2-E0045033ED71}"
EndProject
Project("{FAE04EC0-301F-11D3-BF4B-00C04F79EFBC}") = "Penguin.Messaging.Persistence.Local", "..\Penguin.Messaging.Persistence\Penguin.Messaging.Persistence.Local.csproj", "{6BF336CD-E349-44E1-ABF2-2CCE19CB6642}"
EndProject
Project("{FAE04EC0-301F-11D3-BF4B-00C04F79EFBC}") = "Penguin.Reflection.Serialization.Extensions.Local", "..\Penguin.Reflection.Serialization.Extensions\Penguin.Reflection.Serialization.Extensions.Local.csproj", "{8F3F9828-323D-47E1-A956-B14A8EDC7EE7}"
EndProject
Project("{FAE04EC0-301F-11D3-BF4B-00C04F79EFBC}") = "Penguin.Reflection.Serialization.Local", "..\Penguin.Reflection.Serialization\Penguin.Reflection.Serialization.Local.csproj", "{8B527EF6-645A-417A-A8D7-5960A56A04FF}"
EndProject
Project("{FAE04EC0-301F-11D3-BF4B-00C04F79EFBC}") = "Penguin.Reflection.Serialization.Abstractions.Local", "..\Penguin.Reflection.Serialization.Abstractions\Penguin.Reflection.Serialization.Abstractions.Local.csproj", "{DF6F61F5-B068-4588-8BD0-2A72BF27830D}"
EndProject
Project("{FAE04EC0-301F-11D3-BF4B-00C04F79EFBC}") = "Penguin.Persistence.Database.Local", "..\Penguin.Persistence.Database\Penguin.Persistence.Database.Local.csproj", "{9A6A5752-E9BE-427F-ADD8-0DFC06D9614F}"
EndProject
Project("{FAE04EC0-301F-11D3-BF4B-00C04F79EFBC}") = "Penguin.Threading.BackgroundWorker.Local", "..\Penguin.Threading.BackgroundWorker\Penguin.Threading.BackgroundWorker.Local.csproj", "{FD872E10-7C0C-416D-90C5-C9C47364C1EC}"
EndProject
Global
	GlobalSection(SolutionConfigurationPlatforms) = preSolution
		Debug|Any CPU = Debug|Any CPU
		Debug|x64 = Debug|x64
		Debug|x86 = Debug|x86
		Release|Any CPU = Release|Any CPU
		Release|x64 = Release|x64
		Release|x86 = Release|x86
	EndGlobalSection
	GlobalSection(SolutionProperties) = preSolution
		HideSolutionNode = FALSE
	EndGlobalSection
	GlobalSection(ProjectConfigurationPlatforms) = postSolution
		{F35F1A1F-D674-4F65-B249-6C594DDF0CDD}.Debug|Any CPU.ActiveCfg = Debug|Any CPU
		{F35F1A1F-D674-4F65-B249-6C594DDF0CDD}.Debug|Any CPU.Build.0 = Debug|Any CPU
		{F35F1A1F-D674-4F65-B249-6C594DDF0CDD}.Debug|x64.ActiveCfg = Debug|Any CPU
		{F35F1A1F-D674-4F65-B249-6C594DDF0CDD}.Debug|x64.Build.0 = Debug|Any CPU
		{F35F1A1F-D674-4F65-B249-6C594DDF0CDD}.Debug|x86.ActiveCfg = Debug|Any CPU
		{F35F1A1F-D674-4F65-B249-6C594DDF0CDD}.Debug|x86.Build.0 = Debug|Any CPU
		{F35F1A1F-D674-4F65-B249-6C594DDF0CDD}.Release|Any CPU.ActiveCfg = Release|Any CPU
		{F35F1A1F-D674-4F65-B249-6C594DDF0CDD}.Release|Any CPU.Build.0 = Release|Any CPU
		{F35F1A1F-D674-4F65-B249-6C594DDF0CDD}.Release|x64.ActiveCfg = Release|Any CPU
		{F35F1A1F-D674-4F65-B249-6C594DDF0CDD}.Release|x64.Build.0 = Release|Any CPU
		{F35F1A1F-D674-4F65-B249-6C594DDF0CDD}.Release|x86.ActiveCfg = Release|Any CPU
		{F35F1A1F-D674-4F65-B249-6C594DDF0CDD}.Release|x86.Build.0 = Release|Any CPU
		{35D11579-8D7A-4624-8F66-C848C1139B1F}.Debug|Any CPU.ActiveCfg = Debug|Any CPU
		{35D11579-8D7A-4624-8F66-C848C1139B1F}.Debug|Any CPU.Build.0 = Debug|Any CPU
		{35D11579-8D7A-4624-8F66-C848C1139B1F}.Debug|x64.ActiveCfg = Debug|Any CPU
		{35D11579-8D7A-4624-8F66-C848C1139B1F}.Debug|x64.Build.0 = Debug|Any CPU
		{35D11579-8D7A-4624-8F66-C848C1139B1F}.Debug|x86.ActiveCfg = Debug|Any CPU
		{35D11579-8D7A-4624-8F66-C848C1139B1F}.Debug|x86.Build.0 = Debug|Any CPU
		{35D11579-8D7A-4624-8F66-C848C1139B1F}.Release|Any CPU.ActiveCfg = Release|Any CPU
		{35D11579-8D7A-4624-8F66-C848C1139B1F}.Release|Any CPU.Build.0 = Release|Any CPU
		{35D11579-8D7A-4624-8F66-C848C1139B1F}.Release|x64.ActiveCfg = Release|Any CPU
		{35D11579-8D7A-4624-8F66-C848C1139B1F}.Release|x64.Build.0 = Release|Any CPU
		{35D11579-8D7A-4624-8F66-C848C1139B1F}.Release|x86.ActiveCfg = Release|Any CPU
		{35D11579-8D7A-4624-8F66-C848C1139B1F}.Release|x86.Build.0 = Release|Any CPU
		{222C7DDD-0686-469F-AAE8-563AD7B537B5}.Debug|Any CPU.ActiveCfg = Debug|Any CPU
		{222C7DDD-0686-469F-AAE8-563AD7B537B5}.Debug|Any CPU.Build.0 = Debug|Any CPU
		{222C7DDD-0686-469F-AAE8-563AD7B537B5}.Debug|x64.ActiveCfg = Debug|Any CPU
		{222C7DDD-0686-469F-AAE8-563AD7B537B5}.Debug|x64.Build.0 = Debug|Any CPU
		{222C7DDD-0686-469F-AAE8-563AD7B537B5}.Debug|x86.ActiveCfg = Debug|Any CPU
		{222C7DDD-0686-469F-AAE8-563AD7B537B5}.Debug|x86.Build.0 = Debug|Any CPU
		{222C7DDD-0686-469F-AAE8-563AD7B537B5}.Release|Any CPU.ActiveCfg = Release|Any CPU
		{222C7DDD-0686-469F-AAE8-563AD7B537B5}.Release|Any CPU.Build.0 = Release|Any CPU
		{222C7DDD-0686-469F-AAE8-563AD7B537B5}.Release|x64.ActiveCfg = Release|Any CPU
		{222C7DDD-0686-469F-AAE8-563AD7B537B5}.Release|x64.Build.0 = Release|Any CPU
		{222C7DDD-0686-469F-AAE8-563AD7B537B5}.Release|x86.ActiveCfg = Release|Any CPU
		{222C7DDD-0686-469F-AAE8-563AD7B537B5}.Release|x86.Build.0 = Release|Any CPU
		{CD68D7D8-6A15-411D-B452-41D201C9CC94}.Debug|Any CPU.ActiveCfg = Debug|Any CPU
		{CD68D7D8-6A15-411D-B452-41D201C9CC94}.Debug|Any CPU.Build.0 = Debug|Any CPU
		{CD68D7D8-6A15-411D-B452-41D201C9CC94}.Debug|x64.ActiveCfg = Debug|Any CPU
		{CD68D7D8-6A15-411D-B452-41D201C9CC94}.Debug|x64.Build.0 = Debug|Any CPU
		{CD68D7D8-6A15-411D-B452-41D201C9CC94}.Debug|x86.ActiveCfg = Debug|Any CPU
		{CD68D7D8-6A15-411D-B452-41D201C9CC94}.Debug|x86.Build.0 = Debug|Any CPU
		{CD68D7D8-6A15-411D-B452-41D201C9CC94}.Release|Any CPU.ActiveCfg = Release|Any CPU
		{CD68D7D8-6A15-411D-B452-41D201C9CC94}.Release|Any CPU.Build.0 = Release|Any CPU
		{CD68D7D8-6A15-411D-B452-41D201C9CC94}.Release|x64.ActiveCfg = Release|Any CPU
		{CD68D7D8-6A15-411D-B452-41D201C9CC94}.Release|x64.Build.0 = Release|Any CPU
		{CD68D7D8-6A15-411D-B452-41D201C9CC94}.Release|x86.ActiveCfg = Release|Any CPU
		{CD68D7D8-6A15-411D-B452-41D201C9CC94}.Release|x86.Build.0 = Release|Any CPU
		{BE4EF30D-3699-403D-89BF-CD682D289E3C}.Debug|Any CPU.ActiveCfg = Debug|Any CPU
		{BE4EF30D-3699-403D-89BF-CD682D289E3C}.Debug|Any CPU.Build.0 = Debug|Any CPU
		{BE4EF30D-3699-403D-89BF-CD682D289E3C}.Debug|x64.ActiveCfg = Debug|Any CPU
		{BE4EF30D-3699-403D-89BF-CD682D289E3C}.Debug|x64.Build.0 = Debug|Any CPU
		{BE4EF30D-3699-403D-89BF-CD682D289E3C}.Debug|x86.ActiveCfg = Debug|Any CPU
		{BE4EF30D-3699-403D-89BF-CD682D289E3C}.Debug|x86.Build.0 = Debug|Any CPU
		{BE4EF30D-3699-403D-89BF-CD682D289E3C}.Release|Any CPU.ActiveCfg = Release|Any CPU
		{BE4EF30D-3699-403D-89BF-CD682D289E3C}.Release|Any CPU.Build.0 = Release|Any CPU
		{BE4EF30D-3699-403D-89BF-CD682D289E3C}.Release|x64.ActiveCfg = Release|Any CPU
		{BE4EF30D-3699-403D-89BF-CD682D289E3C}.Release|x64.Build.0 = Release|Any CPU
		{BE4EF30D-3699-403D-89BF-CD682D289E3C}.Release|x86.ActiveCfg = Release|Any CPU
		{BE4EF30D-3699-403D-89BF-CD682D289E3C}.Release|x86.Build.0 = Release|Any CPU
		{994F2C32-81D4-4BDC-B03B-432F2D21435C}.Debug|Any CPU.ActiveCfg = Debug|Any CPU
		{994F2C32-81D4-4BDC-B03B-432F2D21435C}.Debug|Any CPU.Build.0 = Debug|Any CPU
		{994F2C32-81D4-4BDC-B03B-432F2D21435C}.Debug|x64.ActiveCfg = Debug|Any CPU
		{994F2C32-81D4-4BDC-B03B-432F2D21435C}.Debug|x64.Build.0 = Debug|Any CPU
		{994F2C32-81D4-4BDC-B03B-432F2D21435C}.Debug|x86.ActiveCfg = Debug|Any CPU
		{994F2C32-81D4-4BDC-B03B-432F2D21435C}.Debug|x86.Build.0 = Debug|Any CPU
		{994F2C32-81D4-4BDC-B03B-432F2D21435C}.Release|Any CPU.ActiveCfg = Release|Any CPU
		{994F2C32-81D4-4BDC-B03B-432F2D21435C}.Release|Any CPU.Build.0 = Release|Any CPU
		{994F2C32-81D4-4BDC-B03B-432F2D21435C}.Release|x64.ActiveCfg = Release|Any CPU
		{994F2C32-81D4-4BDC-B03B-432F2D21435C}.Release|x64.Build.0 = Release|Any CPU
		{994F2C32-81D4-4BDC-B03B-432F2D21435C}.Release|x86.ActiveCfg = Release|Any CPU
		{994F2C32-81D4-4BDC-B03B-432F2D21435C}.Release|x86.Build.0 = Release|Any CPU
		{105A329B-2E27-48EA-B97F-A406848AF453}.Debug|Any CPU.ActiveCfg = Debug|Any CPU
		{105A329B-2E27-48EA-B97F-A406848AF453}.Debug|Any CPU.Build.0 = Debug|Any CPU
		{105A329B-2E27-48EA-B97F-A406848AF453}.Debug|x64.ActiveCfg = Debug|Any CPU
		{105A329B-2E27-48EA-B97F-A406848AF453}.Debug|x64.Build.0 = Debug|Any CPU
		{105A329B-2E27-48EA-B97F-A406848AF453}.Debug|x86.ActiveCfg = Debug|Any CPU
		{105A329B-2E27-48EA-B97F-A406848AF453}.Debug|x86.Build.0 = Debug|Any CPU
		{105A329B-2E27-48EA-B97F-A406848AF453}.Release|Any CPU.ActiveCfg = Release|Any CPU
		{105A329B-2E27-48EA-B97F-A406848AF453}.Release|Any CPU.Build.0 = Release|Any CPU
		{105A329B-2E27-48EA-B97F-A406848AF453}.Release|x64.ActiveCfg = Release|Any CPU
		{105A329B-2E27-48EA-B97F-A406848AF453}.Release|x64.Build.0 = Release|Any CPU
		{105A329B-2E27-48EA-B97F-A406848AF453}.Release|x86.ActiveCfg = Release|Any CPU
		{105A329B-2E27-48EA-B97F-A406848AF453}.Release|x86.Build.0 = Release|Any CPU
		{D3330E13-D42A-4394-B9EB-1C054E44A0AB}.Debug|Any CPU.ActiveCfg = Debug|Any CPU
		{D3330E13-D42A-4394-B9EB-1C054E44A0AB}.Debug|Any CPU.Build.0 = Debug|Any CPU
		{D3330E13-D42A-4394-B9EB-1C054E44A0AB}.Debug|x64.ActiveCfg = Debug|Any CPU
		{D3330E13-D42A-4394-B9EB-1C054E44A0AB}.Debug|x64.Build.0 = Debug|Any CPU
		{D3330E13-D42A-4394-B9EB-1C054E44A0AB}.Debug|x86.ActiveCfg = Debug|Any CPU
		{D3330E13-D42A-4394-B9EB-1C054E44A0AB}.Debug|x86.Build.0 = Debug|Any CPU
		{D3330E13-D42A-4394-B9EB-1C054E44A0AB}.Release|Any CPU.ActiveCfg = Release|Any CPU
		{D3330E13-D42A-4394-B9EB-1C054E44A0AB}.Release|Any CPU.Build.0 = Release|Any CPU
		{D3330E13-D42A-4394-B9EB-1C054E44A0AB}.Release|x64.ActiveCfg = Release|Any CPU
		{D3330E13-D42A-4394-B9EB-1C054E44A0AB}.Release|x64.Build.0 = Release|Any CPU
		{D3330E13-D42A-4394-B9EB-1C054E44A0AB}.Release|x86.ActiveCfg = Release|Any CPU
		{D3330E13-D42A-4394-B9EB-1C054E44A0AB}.Release|x86.Build.0 = Release|Any CPU
		{F4DF9CE3-4DE7-4646-9A56-459341C87D84}.Debug|Any CPU.ActiveCfg = Debug|Any CPU
		{F4DF9CE3-4DE7-4646-9A56-459341C87D84}.Debug|Any CPU.Build.0 = Debug|Any CPU
		{F4DF9CE3-4DE7-4646-9A56-459341C87D84}.Debug|x64.ActiveCfg = Debug|Any CPU
		{F4DF9CE3-4DE7-4646-9A56-459341C87D84}.Debug|x64.Build.0 = Debug|Any CPU
		{F4DF9CE3-4DE7-4646-9A56-459341C87D84}.Debug|x86.ActiveCfg = Debug|Any CPU
		{F4DF9CE3-4DE7-4646-9A56-459341C87D84}.Debug|x86.Build.0 = Debug|Any CPU
		{F4DF9CE3-4DE7-4646-9A56-459341C87D84}.Release|Any CPU.ActiveCfg = Release|Any CPU
		{F4DF9CE3-4DE7-4646-9A56-459341C87D84}.Release|Any CPU.Build.0 = Release|Any CPU
		{F4DF9CE3-4DE7-4646-9A56-459341C87D84}.Release|x64.ActiveCfg = Release|Any CPU
		{F4DF9CE3-4DE7-4646-9A56-459341C87D84}.Release|x64.Build.0 = Release|Any CPU
		{F4DF9CE3-4DE7-4646-9A56-459341C87D84}.Release|x86.ActiveCfg = Release|Any CPU
		{F4DF9CE3-4DE7-4646-9A56-459341C87D84}.Release|x86.Build.0 = Release|Any CPU
		{91DAD9B5-73F9-4F76-9004-7D7EBB16D46B}.Debug|Any CPU.ActiveCfg = Debug|Any CPU
		{91DAD9B5-73F9-4F76-9004-7D7EBB16D46B}.Debug|Any CPU.Build.0 = Debug|Any CPU
		{91DAD9B5-73F9-4F76-9004-7D7EBB16D46B}.Debug|x64.ActiveCfg = Debug|Any CPU
		{91DAD9B5-73F9-4F76-9004-7D7EBB16D46B}.Debug|x64.Build.0 = Debug|Any CPU
		{91DAD9B5-73F9-4F76-9004-7D7EBB16D46B}.Debug|x86.ActiveCfg = Debug|Any CPU
		{91DAD9B5-73F9-4F76-9004-7D7EBB16D46B}.Debug|x86.Build.0 = Debug|Any CPU
		{91DAD9B5-73F9-4F76-9004-7D7EBB16D46B}.Release|Any CPU.ActiveCfg = Release|Any CPU
		{91DAD9B5-73F9-4F76-9004-7D7EBB16D46B}.Release|Any CPU.Build.0 = Release|Any CPU
		{91DAD9B5-73F9-4F76-9004-7D7EBB16D46B}.Release|x64.ActiveCfg = Release|Any CPU
		{91DAD9B5-73F9-4F76-9004-7D7EBB16D46B}.Release|x64.Build.0 = Release|Any CPU
		{91DAD9B5-73F9-4F76-9004-7D7EBB16D46B}.Release|x86.ActiveCfg = Release|Any CPU
		{91DAD9B5-73F9-4F76-9004-7D7EBB16D46B}.Release|x86.Build.0 = Release|Any CPU
		{A03D3A83-2326-41D6-BC7C-EA789F0704EC}.Debug|Any CPU.ActiveCfg = Debug|Any CPU
		{A03D3A83-2326-41D6-BC7C-EA789F0704EC}.Debug|Any CPU.Build.0 = Debug|Any CPU
		{A03D3A83-2326-41D6-BC7C-EA789F0704EC}.Debug|x64.ActiveCfg = Debug|Any CPU
		{A03D3A83-2326-41D6-BC7C-EA789F0704EC}.Debug|x64.Build.0 = Debug|Any CPU
		{A03D3A83-2326-41D6-BC7C-EA789F0704EC}.Debug|x86.ActiveCfg = Debug|Any CPU
		{A03D3A83-2326-41D6-BC7C-EA789F0704EC}.Debug|x86.Build.0 = Debug|Any CPU
		{A03D3A83-2326-41D6-BC7C-EA789F0704EC}.Release|Any CPU.ActiveCfg = Release|Any CPU
		{A03D3A83-2326-41D6-BC7C-EA789F0704EC}.Release|Any CPU.Build.0 = Release|Any CPU
		{A03D3A83-2326-41D6-BC7C-EA789F0704EC}.Release|x64.ActiveCfg = Release|Any CPU
		{A03D3A83-2326-41D6-BC7C-EA789F0704EC}.Release|x64.Build.0 = Release|Any CPU
		{A03D3A83-2326-41D6-BC7C-EA789F0704EC}.Release|x86.ActiveCfg = Release|Any CPU
		{A03D3A83-2326-41D6-BC7C-EA789F0704EC}.Release|x86.Build.0 = Release|Any CPU
		{2798DA3E-9D6B-4996-9079-F0330D650E45}.Debug|Any CPU.ActiveCfg = Debug|Any CPU
		{2798DA3E-9D6B-4996-9079-F0330D650E45}.Debug|Any CPU.Build.0 = Debug|Any CPU
		{2798DA3E-9D6B-4996-9079-F0330D650E45}.Debug|x64.ActiveCfg = Debug|Any CPU
		{2798DA3E-9D6B-4996-9079-F0330D650E45}.Debug|x64.Build.0 = Debug|Any CPU
		{2798DA3E-9D6B-4996-9079-F0330D650E45}.Debug|x86.ActiveCfg = Debug|Any CPU
		{2798DA3E-9D6B-4996-9079-F0330D650E45}.Debug|x86.Build.0 = Debug|Any CPU
		{2798DA3E-9D6B-4996-9079-F0330D650E45}.Release|Any CPU.ActiveCfg = Release|Any CPU
		{2798DA3E-9D6B-4996-9079-F0330D650E45}.Release|Any CPU.Build.0 = Release|Any CPU
		{2798DA3E-9D6B-4996-9079-F0330D650E45}.Release|x64.ActiveCfg = Release|Any CPU
		{2798DA3E-9D6B-4996-9079-F0330D650E45}.Release|x64.Build.0 = Release|Any CPU
		{2798DA3E-9D6B-4996-9079-F0330D650E45}.Release|x86.ActiveCfg = Release|Any CPU
		{2798DA3E-9D6B-4996-9079-F0330D650E45}.Release|x86.Build.0 = Release|Any CPU
		{0C1AC5A7-253F-46FF-809B-9D1F044899AF}.Debug|Any CPU.ActiveCfg = Debug|Any CPU
		{0C1AC5A7-253F-46FF-809B-9D1F044899AF}.Debug|Any CPU.Build.0 = Debug|Any CPU
		{0C1AC5A7-253F-46FF-809B-9D1F044899AF}.Debug|x64.ActiveCfg = Debug|Any CPU
		{0C1AC5A7-253F-46FF-809B-9D1F044899AF}.Debug|x64.Build.0 = Debug|Any CPU
		{0C1AC5A7-253F-46FF-809B-9D1F044899AF}.Debug|x86.ActiveCfg = Debug|Any CPU
		{0C1AC5A7-253F-46FF-809B-9D1F044899AF}.Debug|x86.Build.0 = Debug|Any CPU
		{0C1AC5A7-253F-46FF-809B-9D1F044899AF}.Release|Any CPU.ActiveCfg = Release|Any CPU
		{0C1AC5A7-253F-46FF-809B-9D1F044899AF}.Release|Any CPU.Build.0 = Release|Any CPU
		{0C1AC5A7-253F-46FF-809B-9D1F044899AF}.Release|x64.ActiveCfg = Release|Any CPU
		{0C1AC5A7-253F-46FF-809B-9D1F044899AF}.Release|x64.Build.0 = Release|Any CPU
		{0C1AC5A7-253F-46FF-809B-9D1F044899AF}.Release|x86.ActiveCfg = Release|Any CPU
		{0C1AC5A7-253F-46FF-809B-9D1F044899AF}.Release|x86.Build.0 = Release|Any CPU
		{ECB59880-04A4-4078-B8AB-48F783465C6F}.Debug|Any CPU.ActiveCfg = Debug|Any CPU
		{ECB59880-04A4-4078-B8AB-48F783465C6F}.Debug|Any CPU.Build.0 = Debug|Any CPU
		{ECB59880-04A4-4078-B8AB-48F783465C6F}.Debug|x64.ActiveCfg = Debug|Any CPU
		{ECB59880-04A4-4078-B8AB-48F783465C6F}.Debug|x64.Build.0 = Debug|Any CPU
		{ECB59880-04A4-4078-B8AB-48F783465C6F}.Debug|x86.ActiveCfg = Debug|Any CPU
		{ECB59880-04A4-4078-B8AB-48F783465C6F}.Debug|x86.Build.0 = Debug|Any CPU
		{ECB59880-04A4-4078-B8AB-48F783465C6F}.Release|Any CPU.ActiveCfg = Release|Any CPU
		{ECB59880-04A4-4078-B8AB-48F783465C6F}.Release|Any CPU.Build.0 = Release|Any CPU
		{ECB59880-04A4-4078-B8AB-48F783465C6F}.Release|x64.ActiveCfg = Release|Any CPU
		{ECB59880-04A4-4078-B8AB-48F783465C6F}.Release|x64.Build.0 = Release|Any CPU
		{ECB59880-04A4-4078-B8AB-48F783465C6F}.Release|x86.ActiveCfg = Release|Any CPU
		{ECB59880-04A4-4078-B8AB-48F783465C6F}.Release|x86.Build.0 = Release|Any CPU
		{614C79E9-6F09-4A43-A0AB-505C6FFFCD67}.Debug|Any CPU.ActiveCfg = Debug|Any CPU
		{614C79E9-6F09-4A43-A0AB-505C6FFFCD67}.Debug|Any CPU.Build.0 = Debug|Any CPU
		{614C79E9-6F09-4A43-A0AB-505C6FFFCD67}.Debug|x64.ActiveCfg = Debug|Any CPU
		{614C79E9-6F09-4A43-A0AB-505C6FFFCD67}.Debug|x64.Build.0 = Debug|Any CPU
		{614C79E9-6F09-4A43-A0AB-505C6FFFCD67}.Debug|x86.ActiveCfg = Debug|Any CPU
		{614C79E9-6F09-4A43-A0AB-505C6FFFCD67}.Debug|x86.Build.0 = Debug|Any CPU
		{614C79E9-6F09-4A43-A0AB-505C6FFFCD67}.Release|Any CPU.ActiveCfg = Release|Any CPU
		{614C79E9-6F09-4A43-A0AB-505C6FFFCD67}.Release|Any CPU.Build.0 = Release|Any CPU
		{614C79E9-6F09-4A43-A0AB-505C6FFFCD67}.Release|x64.ActiveCfg = Release|Any CPU
		{614C79E9-6F09-4A43-A0AB-505C6FFFCD67}.Release|x64.Build.0 = Release|Any CPU
		{614C79E9-6F09-4A43-A0AB-505C6FFFCD67}.Release|x86.ActiveCfg = Release|Any CPU
		{614C79E9-6F09-4A43-A0AB-505C6FFFCD67}.Release|x86.Build.0 = Release|Any CPU
		{481184B5-97A7-44D0-9419-974255F75111}.Debug|Any CPU.ActiveCfg = Debug|Any CPU
		{481184B5-97A7-44D0-9419-974255F75111}.Debug|Any CPU.Build.0 = Debug|Any CPU
		{481184B5-97A7-44D0-9419-974255F75111}.Debug|x64.ActiveCfg = Debug|Any CPU
		{481184B5-97A7-44D0-9419-974255F75111}.Debug|x64.Build.0 = Debug|Any CPU
		{481184B5-97A7-44D0-9419-974255F75111}.Debug|x86.ActiveCfg = Debug|Any CPU
		{481184B5-97A7-44D0-9419-974255F75111}.Debug|x86.Build.0 = Debug|Any CPU
		{481184B5-97A7-44D0-9419-974255F75111}.Release|Any CPU.ActiveCfg = Release|Any CPU
		{481184B5-97A7-44D0-9419-974255F75111}.Release|Any CPU.Build.0 = Release|Any CPU
		{481184B5-97A7-44D0-9419-974255F75111}.Release|x64.ActiveCfg = Release|Any CPU
		{481184B5-97A7-44D0-9419-974255F75111}.Release|x64.Build.0 = Release|Any CPU
		{481184B5-97A7-44D0-9419-974255F75111}.Release|x86.ActiveCfg = Release|Any CPU
		{481184B5-97A7-44D0-9419-974255F75111}.Release|x86.Build.0 = Release|Any CPU
		{F651023F-F0A5-4F48-973C-6AB2025F33DF}.Debug|Any CPU.ActiveCfg = Debug|Any CPU
		{F651023F-F0A5-4F48-973C-6AB2025F33DF}.Debug|Any CPU.Build.0 = Debug|Any CPU
		{F651023F-F0A5-4F48-973C-6AB2025F33DF}.Debug|x64.ActiveCfg = Debug|Any CPU
		{F651023F-F0A5-4F48-973C-6AB2025F33DF}.Debug|x64.Build.0 = Debug|Any CPU
		{F651023F-F0A5-4F48-973C-6AB2025F33DF}.Debug|x86.ActiveCfg = Debug|Any CPU
		{F651023F-F0A5-4F48-973C-6AB2025F33DF}.Debug|x86.Build.0 = Debug|Any CPU
		{F651023F-F0A5-4F48-973C-6AB2025F33DF}.Release|Any CPU.ActiveCfg = Release|Any CPU
		{F651023F-F0A5-4F48-973C-6AB2025F33DF}.Release|Any CPU.Build.0 = Release|Any CPU
		{F651023F-F0A5-4F48-973C-6AB2025F33DF}.Release|x64.ActiveCfg = Release|Any CPU
		{F651023F-F0A5-4F48-973C-6AB2025F33DF}.Release|x64.Build.0 = Release|Any CPU
		{F651023F-F0A5-4F48-973C-6AB2025F33DF}.Release|x86.ActiveCfg = Release|Any CPU
		{F651023F-F0A5-4F48-973C-6AB2025F33DF}.Release|x86.Build.0 = Release|Any CPU
		{353A4E95-DD9D-4FAD-A087-C3BB4852362D}.Debug|Any CPU.ActiveCfg = Debug|Any CPU
		{353A4E95-DD9D-4FAD-A087-C3BB4852362D}.Debug|Any CPU.Build.0 = Debug|Any CPU
		{353A4E95-DD9D-4FAD-A087-C3BB4852362D}.Debug|x64.ActiveCfg = Debug|Any CPU
		{353A4E95-DD9D-4FAD-A087-C3BB4852362D}.Debug|x64.Build.0 = Debug|Any CPU
		{353A4E95-DD9D-4FAD-A087-C3BB4852362D}.Debug|x86.ActiveCfg = Debug|Any CPU
		{353A4E95-DD9D-4FAD-A087-C3BB4852362D}.Debug|x86.Build.0 = Debug|Any CPU
		{353A4E95-DD9D-4FAD-A087-C3BB4852362D}.Release|Any CPU.ActiveCfg = Release|Any CPU
		{353A4E95-DD9D-4FAD-A087-C3BB4852362D}.Release|Any CPU.Build.0 = Release|Any CPU
		{353A4E95-DD9D-4FAD-A087-C3BB4852362D}.Release|x64.ActiveCfg = Release|Any CPU
		{353A4E95-DD9D-4FAD-A087-C3BB4852362D}.Release|x64.Build.0 = Release|Any CPU
		{353A4E95-DD9D-4FAD-A087-C3BB4852362D}.Release|x86.ActiveCfg = Release|Any CPU
		{353A4E95-DD9D-4FAD-A087-C3BB4852362D}.Release|x86.Build.0 = Release|Any CPU
		{CA8F5F1E-CFE3-4783-A298-C50E2A035B51}.Debug|Any CPU.ActiveCfg = Debug|Any CPU
		{CA8F5F1E-CFE3-4783-A298-C50E2A035B51}.Debug|Any CPU.Build.0 = Debug|Any CPU
		{CA8F5F1E-CFE3-4783-A298-C50E2A035B51}.Debug|x64.ActiveCfg = Debug|Any CPU
		{CA8F5F1E-CFE3-4783-A298-C50E2A035B51}.Debug|x64.Build.0 = Debug|Any CPU
		{CA8F5F1E-CFE3-4783-A298-C50E2A035B51}.Debug|x86.ActiveCfg = Debug|Any CPU
		{CA8F5F1E-CFE3-4783-A298-C50E2A035B51}.Debug|x86.Build.0 = Debug|Any CPU
		{CA8F5F1E-CFE3-4783-A298-C50E2A035B51}.Release|Any CPU.ActiveCfg = Release|Any CPU
		{CA8F5F1E-CFE3-4783-A298-C50E2A035B51}.Release|Any CPU.Build.0 = Release|Any CPU
		{CA8F5F1E-CFE3-4783-A298-C50E2A035B51}.Release|x64.ActiveCfg = Release|Any CPU
		{CA8F5F1E-CFE3-4783-A298-C50E2A035B51}.Release|x64.Build.0 = Release|Any CPU
		{CA8F5F1E-CFE3-4783-A298-C50E2A035B51}.Release|x86.ActiveCfg = Release|Any CPU
		{CA8F5F1E-CFE3-4783-A298-C50E2A035B51}.Release|x86.Build.0 = Release|Any CPU
		{7B828D7D-EB8C-423D-B250-B32E11AFF5D7}.Debug|Any CPU.ActiveCfg = Debug|Any CPU
		{7B828D7D-EB8C-423D-B250-B32E11AFF5D7}.Debug|Any CPU.Build.0 = Debug|Any CPU
		{7B828D7D-EB8C-423D-B250-B32E11AFF5D7}.Debug|x64.ActiveCfg = Debug|Any CPU
		{7B828D7D-EB8C-423D-B250-B32E11AFF5D7}.Debug|x64.Build.0 = Debug|Any CPU
		{7B828D7D-EB8C-423D-B250-B32E11AFF5D7}.Debug|x86.ActiveCfg = Debug|Any CPU
		{7B828D7D-EB8C-423D-B250-B32E11AFF5D7}.Debug|x86.Build.0 = Debug|Any CPU
		{7B828D7D-EB8C-423D-B250-B32E11AFF5D7}.Release|Any CPU.ActiveCfg = Release|Any CPU
		{7B828D7D-EB8C-423D-B250-B32E11AFF5D7}.Release|Any CPU.Build.0 = Release|Any CPU
		{7B828D7D-EB8C-423D-B250-B32E11AFF5D7}.Release|x64.ActiveCfg = Release|Any CPU
		{7B828D7D-EB8C-423D-B250-B32E11AFF5D7}.Release|x64.Build.0 = Release|Any CPU
		{7B828D7D-EB8C-423D-B250-B32E11AFF5D7}.Release|x86.ActiveCfg = Release|Any CPU
		{7B828D7D-EB8C-423D-B250-B32E11AFF5D7}.Release|x86.Build.0 = Release|Any CPU
		{477F7366-0FAF-47FC-932A-2478D5F67CC4}.Debug|Any CPU.ActiveCfg = Debug|Any CPU
		{477F7366-0FAF-47FC-932A-2478D5F67CC4}.Debug|Any CPU.Build.0 = Debug|Any CPU
		{477F7366-0FAF-47FC-932A-2478D5F67CC4}.Debug|x64.ActiveCfg = Debug|Any CPU
		{477F7366-0FAF-47FC-932A-2478D5F67CC4}.Debug|x64.Build.0 = Debug|Any CPU
		{477F7366-0FAF-47FC-932A-2478D5F67CC4}.Debug|x86.ActiveCfg = Debug|Any CPU
		{477F7366-0FAF-47FC-932A-2478D5F67CC4}.Debug|x86.Build.0 = Debug|Any CPU
		{477F7366-0FAF-47FC-932A-2478D5F67CC4}.Release|Any CPU.ActiveCfg = Release|Any CPU
		{477F7366-0FAF-47FC-932A-2478D5F67CC4}.Release|Any CPU.Build.0 = Release|Any CPU
		{477F7366-0FAF-47FC-932A-2478D5F67CC4}.Release|x64.ActiveCfg = Release|Any CPU
		{477F7366-0FAF-47FC-932A-2478D5F67CC4}.Release|x64.Build.0 = Release|Any CPU
		{477F7366-0FAF-47FC-932A-2478D5F67CC4}.Release|x86.ActiveCfg = Release|Any CPU
		{477F7366-0FAF-47FC-932A-2478D5F67CC4}.Release|x86.Build.0 = Release|Any CPU
		{6BB8729A-69DA-48B5-A5DE-9FE8C983FFE9}.Debug|Any CPU.ActiveCfg = Debug|Any CPU
		{6BB8729A-69DA-48B5-A5DE-9FE8C983FFE9}.Debug|Any CPU.Build.0 = Debug|Any CPU
		{6BB8729A-69DA-48B5-A5DE-9FE8C983FFE9}.Debug|x64.ActiveCfg = Debug|Any CPU
		{6BB8729A-69DA-48B5-A5DE-9FE8C983FFE9}.Debug|x64.Build.0 = Debug|Any CPU
		{6BB8729A-69DA-48B5-A5DE-9FE8C983FFE9}.Debug|x86.ActiveCfg = Debug|Any CPU
		{6BB8729A-69DA-48B5-A5DE-9FE8C983FFE9}.Debug|x86.Build.0 = Debug|Any CPU
		{6BB8729A-69DA-48B5-A5DE-9FE8C983FFE9}.Release|Any CPU.ActiveCfg = Release|Any CPU
		{6BB8729A-69DA-48B5-A5DE-9FE8C983FFE9}.Release|Any CPU.Build.0 = Release|Any CPU
		{6BB8729A-69DA-48B5-A5DE-9FE8C983FFE9}.Release|x64.ActiveCfg = Release|Any CPU
		{6BB8729A-69DA-48B5-A5DE-9FE8C983FFE9}.Release|x64.Build.0 = Release|Any CPU
		{6BB8729A-69DA-48B5-A5DE-9FE8C983FFE9}.Release|x86.ActiveCfg = Release|Any CPU
		{6BB8729A-69DA-48B5-A5DE-9FE8C983FFE9}.Release|x86.Build.0 = Release|Any CPU
		{BCA0E186-DD78-454D-938F-958F6536D9AA}.Debug|Any CPU.ActiveCfg = Debug|Any CPU
		{BCA0E186-DD78-454D-938F-958F6536D9AA}.Debug|Any CPU.Build.0 = Debug|Any CPU
		{BCA0E186-DD78-454D-938F-958F6536D9AA}.Debug|x64.ActiveCfg = Debug|Any CPU
		{BCA0E186-DD78-454D-938F-958F6536D9AA}.Debug|x64.Build.0 = Debug|Any CPU
		{BCA0E186-DD78-454D-938F-958F6536D9AA}.Debug|x86.ActiveCfg = Debug|Any CPU
		{BCA0E186-DD78-454D-938F-958F6536D9AA}.Debug|x86.Build.0 = Debug|Any CPU
		{BCA0E186-DD78-454D-938F-958F6536D9AA}.Release|Any CPU.ActiveCfg = Release|Any CPU
		{BCA0E186-DD78-454D-938F-958F6536D9AA}.Release|Any CPU.Build.0 = Release|Any CPU
		{BCA0E186-DD78-454D-938F-958F6536D9AA}.Release|x64.ActiveCfg = Release|Any CPU
		{BCA0E186-DD78-454D-938F-958F6536D9AA}.Release|x64.Build.0 = Release|Any CPU
		{BCA0E186-DD78-454D-938F-958F6536D9AA}.Release|x86.ActiveCfg = Release|Any CPU
		{BCA0E186-DD78-454D-938F-958F6536D9AA}.Release|x86.Build.0 = Release|Any CPU
		{7F3A7423-DA3F-41A5-86D4-1D3D085997B0}.Debug|Any CPU.ActiveCfg = Debug|Any CPU
		{7F3A7423-DA3F-41A5-86D4-1D3D085997B0}.Debug|Any CPU.Build.0 = Debug|Any CPU
		{7F3A7423-DA3F-41A5-86D4-1D3D085997B0}.Debug|x64.ActiveCfg = Debug|Any CPU
		{7F3A7423-DA3F-41A5-86D4-1D3D085997B0}.Debug|x64.Build.0 = Debug|Any CPU
		{7F3A7423-DA3F-41A5-86D4-1D3D085997B0}.Debug|x86.ActiveCfg = Debug|Any CPU
		{7F3A7423-DA3F-41A5-86D4-1D3D085997B0}.Debug|x86.Build.0 = Debug|Any CPU
		{7F3A7423-DA3F-41A5-86D4-1D3D085997B0}.Release|Any CPU.ActiveCfg = Release|Any CPU
		{7F3A7423-DA3F-41A5-86D4-1D3D085997B0}.Release|Any CPU.Build.0 = Release|Any CPU
		{7F3A7423-DA3F-41A5-86D4-1D3D085997B0}.Release|x64.ActiveCfg = Release|Any CPU
		{7F3A7423-DA3F-41A5-86D4-1D3D085997B0}.Release|x64.Build.0 = Release|Any CPU
		{7F3A7423-DA3F-41A5-86D4-1D3D085997B0}.Release|x86.ActiveCfg = Release|Any CPU
		{7F3A7423-DA3F-41A5-86D4-1D3D085997B0}.Release|x86.Build.0 = Release|Any CPU
		{62E91C88-393F-4E67-8A45-F6E5795DB66B}.Debug|Any CPU.ActiveCfg = Debug|Any CPU
		{62E91C88-393F-4E67-8A45-F6E5795DB66B}.Debug|Any CPU.Build.0 = Debug|Any CPU
		{62E91C88-393F-4E67-8A45-F6E5795DB66B}.Debug|x64.ActiveCfg = Debug|Any CPU
		{62E91C88-393F-4E67-8A45-F6E5795DB66B}.Debug|x64.Build.0 = Debug|Any CPU
		{62E91C88-393F-4E67-8A45-F6E5795DB66B}.Debug|x86.ActiveCfg = Debug|Any CPU
		{62E91C88-393F-4E67-8A45-F6E5795DB66B}.Debug|x86.Build.0 = Debug|Any CPU
		{62E91C88-393F-4E67-8A45-F6E5795DB66B}.Release|Any CPU.ActiveCfg = Release|Any CPU
		{62E91C88-393F-4E67-8A45-F6E5795DB66B}.Release|Any CPU.Build.0 = Release|Any CPU
		{62E91C88-393F-4E67-8A45-F6E5795DB66B}.Release|x64.ActiveCfg = Release|Any CPU
		{62E91C88-393F-4E67-8A45-F6E5795DB66B}.Release|x64.Build.0 = Release|Any CPU
		{62E91C88-393F-4E67-8A45-F6E5795DB66B}.Release|x86.ActiveCfg = Release|Any CPU
		{62E91C88-393F-4E67-8A45-F6E5795DB66B}.Release|x86.Build.0 = Release|Any CPU
		{5273FF3C-248A-410A-AEF7-064E46EC368E}.Debug|Any CPU.ActiveCfg = Debug|Any CPU
		{5273FF3C-248A-410A-AEF7-064E46EC368E}.Debug|Any CPU.Build.0 = Debug|Any CPU
		{5273FF3C-248A-410A-AEF7-064E46EC368E}.Debug|x64.ActiveCfg = Debug|Any CPU
		{5273FF3C-248A-410A-AEF7-064E46EC368E}.Debug|x64.Build.0 = Debug|Any CPU
		{5273FF3C-248A-410A-AEF7-064E46EC368E}.Debug|x86.ActiveCfg = Debug|Any CPU
		{5273FF3C-248A-410A-AEF7-064E46EC368E}.Debug|x86.Build.0 = Debug|Any CPU
		{5273FF3C-248A-410A-AEF7-064E46EC368E}.Release|Any CPU.ActiveCfg = Release|Any CPU
		{5273FF3C-248A-410A-AEF7-064E46EC368E}.Release|Any CPU.Build.0 = Release|Any CPU
		{5273FF3C-248A-410A-AEF7-064E46EC368E}.Release|x64.ActiveCfg = Release|Any CPU
		{5273FF3C-248A-410A-AEF7-064E46EC368E}.Release|x64.Build.0 = Release|Any CPU
		{5273FF3C-248A-410A-AEF7-064E46EC368E}.Release|x86.ActiveCfg = Release|Any CPU
		{5273FF3C-248A-410A-AEF7-064E46EC368E}.Release|x86.Build.0 = Release|Any CPU
		{E9D41675-C8D5-4E27-AEF3-EC0C272C318B}.Debug|Any CPU.ActiveCfg = Debug|Any CPU
		{E9D41675-C8D5-4E27-AEF3-EC0C272C318B}.Debug|Any CPU.Build.0 = Debug|Any CPU
		{E9D41675-C8D5-4E27-AEF3-EC0C272C318B}.Debug|x64.ActiveCfg = Debug|Any CPU
		{E9D41675-C8D5-4E27-AEF3-EC0C272C318B}.Debug|x64.Build.0 = Debug|Any CPU
		{E9D41675-C8D5-4E27-AEF3-EC0C272C318B}.Debug|x86.ActiveCfg = Debug|Any CPU
		{E9D41675-C8D5-4E27-AEF3-EC0C272C318B}.Debug|x86.Build.0 = Debug|Any CPU
		{E9D41675-C8D5-4E27-AEF3-EC0C272C318B}.Release|Any CPU.ActiveCfg = Release|Any CPU
		{E9D41675-C8D5-4E27-AEF3-EC0C272C318B}.Release|Any CPU.Build.0 = Release|Any CPU
		{E9D41675-C8D5-4E27-AEF3-EC0C272C318B}.Release|x64.ActiveCfg = Release|Any CPU
		{E9D41675-C8D5-4E27-AEF3-EC0C272C318B}.Release|x64.Build.0 = Release|Any CPU
		{E9D41675-C8D5-4E27-AEF3-EC0C272C318B}.Release|x86.ActiveCfg = Release|Any CPU
		{E9D41675-C8D5-4E27-AEF3-EC0C272C318B}.Release|x86.Build.0 = Release|Any CPU
		{74F207E7-92DE-4B40-B098-8F23D24DDA34}.Debug|Any CPU.ActiveCfg = Debug|Any CPU
		{74F207E7-92DE-4B40-B098-8F23D24DDA34}.Debug|Any CPU.Build.0 = Debug|Any CPU
		{74F207E7-92DE-4B40-B098-8F23D24DDA34}.Debug|x64.ActiveCfg = Debug|Any CPU
		{74F207E7-92DE-4B40-B098-8F23D24DDA34}.Debug|x64.Build.0 = Debug|Any CPU
		{74F207E7-92DE-4B40-B098-8F23D24DDA34}.Debug|x86.ActiveCfg = Debug|Any CPU
		{74F207E7-92DE-4B40-B098-8F23D24DDA34}.Debug|x86.Build.0 = Debug|Any CPU
		{74F207E7-92DE-4B40-B098-8F23D24DDA34}.Release|Any CPU.ActiveCfg = Release|Any CPU
		{74F207E7-92DE-4B40-B098-8F23D24DDA34}.Release|Any CPU.Build.0 = Release|Any CPU
		{74F207E7-92DE-4B40-B098-8F23D24DDA34}.Release|x64.ActiveCfg = Release|Any CPU
		{74F207E7-92DE-4B40-B098-8F23D24DDA34}.Release|x64.Build.0 = Release|Any CPU
		{74F207E7-92DE-4B40-B098-8F23D24DDA34}.Release|x86.ActiveCfg = Release|Any CPU
		{74F207E7-92DE-4B40-B098-8F23D24DDA34}.Release|x86.Build.0 = Release|Any CPU
		{6354218E-142A-4DB4-AE9E-CE24276D0857}.Debug|Any CPU.ActiveCfg = Debug|Any CPU
		{6354218E-142A-4DB4-AE9E-CE24276D0857}.Debug|Any CPU.Build.0 = Debug|Any CPU
		{6354218E-142A-4DB4-AE9E-CE24276D0857}.Debug|x64.ActiveCfg = Debug|Any CPU
		{6354218E-142A-4DB4-AE9E-CE24276D0857}.Debug|x64.Build.0 = Debug|Any CPU
		{6354218E-142A-4DB4-AE9E-CE24276D0857}.Debug|x86.ActiveCfg = Debug|Any CPU
		{6354218E-142A-4DB4-AE9E-CE24276D0857}.Debug|x86.Build.0 = Debug|Any CPU
		{6354218E-142A-4DB4-AE9E-CE24276D0857}.Release|Any CPU.ActiveCfg = Release|Any CPU
		{6354218E-142A-4DB4-AE9E-CE24276D0857}.Release|Any CPU.Build.0 = Release|Any CPU
		{6354218E-142A-4DB4-AE9E-CE24276D0857}.Release|x64.ActiveCfg = Release|Any CPU
		{6354218E-142A-4DB4-AE9E-CE24276D0857}.Release|x64.Build.0 = Release|Any CPU
		{6354218E-142A-4DB4-AE9E-CE24276D0857}.Release|x86.ActiveCfg = Release|Any CPU
		{6354218E-142A-4DB4-AE9E-CE24276D0857}.Release|x86.Build.0 = Release|Any CPU
		{7D1FD9E8-9358-4009-9933-D7622D52B4C1}.Debug|Any CPU.ActiveCfg = Debug|Any CPU
		{7D1FD9E8-9358-4009-9933-D7622D52B4C1}.Debug|Any CPU.Build.0 = Debug|Any CPU
		{7D1FD9E8-9358-4009-9933-D7622D52B4C1}.Debug|x64.ActiveCfg = Debug|Any CPU
		{7D1FD9E8-9358-4009-9933-D7622D52B4C1}.Debug|x64.Build.0 = Debug|Any CPU
		{7D1FD9E8-9358-4009-9933-D7622D52B4C1}.Debug|x86.ActiveCfg = Debug|Any CPU
		{7D1FD9E8-9358-4009-9933-D7622D52B4C1}.Debug|x86.Build.0 = Debug|Any CPU
		{7D1FD9E8-9358-4009-9933-D7622D52B4C1}.Release|Any CPU.ActiveCfg = Release|Any CPU
		{7D1FD9E8-9358-4009-9933-D7622D52B4C1}.Release|Any CPU.Build.0 = Release|Any CPU
		{7D1FD9E8-9358-4009-9933-D7622D52B4C1}.Release|x64.ActiveCfg = Release|Any CPU
		{7D1FD9E8-9358-4009-9933-D7622D52B4C1}.Release|x64.Build.0 = Release|Any CPU
		{7D1FD9E8-9358-4009-9933-D7622D52B4C1}.Release|x86.ActiveCfg = Release|Any CPU
		{7D1FD9E8-9358-4009-9933-D7622D52B4C1}.Release|x86.Build.0 = Release|Any CPU
		{8B68C4DB-1162-4ADA-92FF-5E197E64F4F0}.Debug|Any CPU.ActiveCfg = Debug|Any CPU
		{8B68C4DB-1162-4ADA-92FF-5E197E64F4F0}.Debug|Any CPU.Build.0 = Debug|Any CPU
		{8B68C4DB-1162-4ADA-92FF-5E197E64F4F0}.Debug|x64.ActiveCfg = Debug|Any CPU
		{8B68C4DB-1162-4ADA-92FF-5E197E64F4F0}.Debug|x64.Build.0 = Debug|Any CPU
		{8B68C4DB-1162-4ADA-92FF-5E197E64F4F0}.Debug|x86.ActiveCfg = Debug|Any CPU
		{8B68C4DB-1162-4ADA-92FF-5E197E64F4F0}.Debug|x86.Build.0 = Debug|Any CPU
		{8B68C4DB-1162-4ADA-92FF-5E197E64F4F0}.Release|Any CPU.ActiveCfg = Release|Any CPU
		{8B68C4DB-1162-4ADA-92FF-5E197E64F4F0}.Release|Any CPU.Build.0 = Release|Any CPU
		{8B68C4DB-1162-4ADA-92FF-5E197E64F4F0}.Release|x64.ActiveCfg = Release|Any CPU
		{8B68C4DB-1162-4ADA-92FF-5E197E64F4F0}.Release|x64.Build.0 = Release|Any CPU
		{8B68C4DB-1162-4ADA-92FF-5E197E64F4F0}.Release|x86.ActiveCfg = Release|Any CPU
		{8B68C4DB-1162-4ADA-92FF-5E197E64F4F0}.Release|x86.Build.0 = Release|Any CPU
		{DCF839BD-586F-4F9C-A853-4F5DBC508DDF}.Debug|Any CPU.ActiveCfg = Debug|Any CPU
		{DCF839BD-586F-4F9C-A853-4F5DBC508DDF}.Debug|Any CPU.Build.0 = Debug|Any CPU
		{DCF839BD-586F-4F9C-A853-4F5DBC508DDF}.Debug|x64.ActiveCfg = Debug|Any CPU
		{DCF839BD-586F-4F9C-A853-4F5DBC508DDF}.Debug|x64.Build.0 = Debug|Any CPU
		{DCF839BD-586F-4F9C-A853-4F5DBC508DDF}.Debug|x86.ActiveCfg = Debug|Any CPU
		{DCF839BD-586F-4F9C-A853-4F5DBC508DDF}.Debug|x86.Build.0 = Debug|Any CPU
		{DCF839BD-586F-4F9C-A853-4F5DBC508DDF}.Release|Any CPU.ActiveCfg = Release|Any CPU
		{DCF839BD-586F-4F9C-A853-4F5DBC508DDF}.Release|Any CPU.Build.0 = Release|Any CPU
		{DCF839BD-586F-4F9C-A853-4F5DBC508DDF}.Release|x64.ActiveCfg = Release|Any CPU
		{DCF839BD-586F-4F9C-A853-4F5DBC508DDF}.Release|x64.Build.0 = Release|Any CPU
		{DCF839BD-586F-4F9C-A853-4F5DBC508DDF}.Release|x86.ActiveCfg = Release|Any CPU
		{DCF839BD-586F-4F9C-A853-4F5DBC508DDF}.Release|x86.Build.0 = Release|Any CPU
		{4B973F40-AF87-4EC4-9182-DDD01FCC59CC}.Debug|Any CPU.ActiveCfg = Debug|Any CPU
		{4B973F40-AF87-4EC4-9182-DDD01FCC59CC}.Debug|Any CPU.Build.0 = Debug|Any CPU
		{4B973F40-AF87-4EC4-9182-DDD01FCC59CC}.Debug|x64.ActiveCfg = Debug|Any CPU
		{4B973F40-AF87-4EC4-9182-DDD01FCC59CC}.Debug|x64.Build.0 = Debug|Any CPU
		{4B973F40-AF87-4EC4-9182-DDD01FCC59CC}.Debug|x86.ActiveCfg = Debug|Any CPU
		{4B973F40-AF87-4EC4-9182-DDD01FCC59CC}.Debug|x86.Build.0 = Debug|Any CPU
		{4B973F40-AF87-4EC4-9182-DDD01FCC59CC}.Release|Any CPU.ActiveCfg = Release|Any CPU
		{4B973F40-AF87-4EC4-9182-DDD01FCC59CC}.Release|Any CPU.Build.0 = Release|Any CPU
		{4B973F40-AF87-4EC4-9182-DDD01FCC59CC}.Release|x64.ActiveCfg = Release|Any CPU
		{4B973F40-AF87-4EC4-9182-DDD01FCC59CC}.Release|x64.Build.0 = Release|Any CPU
		{4B973F40-AF87-4EC4-9182-DDD01FCC59CC}.Release|x86.ActiveCfg = Release|Any CPU
		{4B973F40-AF87-4EC4-9182-DDD01FCC59CC}.Release|x86.Build.0 = Release|Any CPU
		{82BA4BFB-E0F9-41EA-ABF2-E0045033ED71}.Debug|Any CPU.ActiveCfg = Debug|Any CPU
		{82BA4BFB-E0F9-41EA-ABF2-E0045033ED71}.Debug|Any CPU.Build.0 = Debug|Any CPU
		{82BA4BFB-E0F9-41EA-ABF2-E0045033ED71}.Debug|x64.ActiveCfg = Debug|Any CPU
		{82BA4BFB-E0F9-41EA-ABF2-E0045033ED71}.Debug|x64.Build.0 = Debug|Any CPU
		{82BA4BFB-E0F9-41EA-ABF2-E0045033ED71}.Debug|x86.ActiveCfg = Debug|Any CPU
		{82BA4BFB-E0F9-41EA-ABF2-E0045033ED71}.Debug|x86.Build.0 = Debug|Any CPU
		{82BA4BFB-E0F9-41EA-ABF2-E0045033ED71}.Release|Any CPU.ActiveCfg = Release|Any CPU
		{82BA4BFB-E0F9-41EA-ABF2-E0045033ED71}.Release|Any CPU.Build.0 = Release|Any CPU
		{82BA4BFB-E0F9-41EA-ABF2-E0045033ED71}.Release|x64.ActiveCfg = Release|Any CPU
		{82BA4BFB-E0F9-41EA-ABF2-E0045033ED71}.Release|x64.Build.0 = Release|Any CPU
		{82BA4BFB-E0F9-41EA-ABF2-E0045033ED71}.Release|x86.ActiveCfg = Release|Any CPU
		{82BA4BFB-E0F9-41EA-ABF2-E0045033ED71}.Release|x86.Build.0 = Release|Any CPU
		{6BF336CD-E349-44E1-ABF2-2CCE19CB6642}.Debug|Any CPU.ActiveCfg = Debug|Any CPU
		{6BF336CD-E349-44E1-ABF2-2CCE19CB6642}.Debug|Any CPU.Build.0 = Debug|Any CPU
		{6BF336CD-E349-44E1-ABF2-2CCE19CB6642}.Debug|x64.ActiveCfg = Debug|Any CPU
		{6BF336CD-E349-44E1-ABF2-2CCE19CB6642}.Debug|x64.Build.0 = Debug|Any CPU
		{6BF336CD-E349-44E1-ABF2-2CCE19CB6642}.Debug|x86.ActiveCfg = Debug|Any CPU
		{6BF336CD-E349-44E1-ABF2-2CCE19CB6642}.Debug|x86.Build.0 = Debug|Any CPU
		{6BF336CD-E349-44E1-ABF2-2CCE19CB6642}.Release|Any CPU.ActiveCfg = Release|Any CPU
		{6BF336CD-E349-44E1-ABF2-2CCE19CB6642}.Release|Any CPU.Build.0 = Release|Any CPU
		{6BF336CD-E349-44E1-ABF2-2CCE19CB6642}.Release|x64.ActiveCfg = Release|Any CPU
		{6BF336CD-E349-44E1-ABF2-2CCE19CB6642}.Release|x64.Build.0 = Release|Any CPU
		{6BF336CD-E349-44E1-ABF2-2CCE19CB6642}.Release|x86.ActiveCfg = Release|Any CPU
		{6BF336CD-E349-44E1-ABF2-2CCE19CB6642}.Release|x86.Build.0 = Release|Any CPU
		{8F3F9828-323D-47E1-A956-B14A8EDC7EE7}.Debug|Any CPU.ActiveCfg = Debug|Any CPU
		{8F3F9828-323D-47E1-A956-B14A8EDC7EE7}.Debug|Any CPU.Build.0 = Debug|Any CPU
		{8F3F9828-323D-47E1-A956-B14A8EDC7EE7}.Debug|x64.ActiveCfg = Debug|Any CPU
		{8F3F9828-323D-47E1-A956-B14A8EDC7EE7}.Debug|x64.Build.0 = Debug|Any CPU
		{8F3F9828-323D-47E1-A956-B14A8EDC7EE7}.Debug|x86.ActiveCfg = Debug|Any CPU
		{8F3F9828-323D-47E1-A956-B14A8EDC7EE7}.Debug|x86.Build.0 = Debug|Any CPU
		{8F3F9828-323D-47E1-A956-B14A8EDC7EE7}.Release|Any CPU.ActiveCfg = Release|Any CPU
		{8F3F9828-323D-47E1-A956-B14A8EDC7EE7}.Release|Any CPU.Build.0 = Release|Any CPU
		{8F3F9828-323D-47E1-A956-B14A8EDC7EE7}.Release|x64.ActiveCfg = Release|Any CPU
		{8F3F9828-323D-47E1-A956-B14A8EDC7EE7}.Release|x64.Build.0 = Release|Any CPU
		{8F3F9828-323D-47E1-A956-B14A8EDC7EE7}.Release|x86.ActiveCfg = Release|Any CPU
		{8F3F9828-323D-47E1-A956-B14A8EDC7EE7}.Release|x86.Build.0 = Release|Any CPU
		{8B527EF6-645A-417A-A8D7-5960A56A04FF}.Debug|Any CPU.ActiveCfg = Debug|Any CPU
		{8B527EF6-645A-417A-A8D7-5960A56A04FF}.Debug|Any CPU.Build.0 = Debug|Any CPU
		{8B527EF6-645A-417A-A8D7-5960A56A04FF}.Debug|x64.ActiveCfg = Debug|Any CPU
		{8B527EF6-645A-417A-A8D7-5960A56A04FF}.Debug|x64.Build.0 = Debug|Any CPU
		{8B527EF6-645A-417A-A8D7-5960A56A04FF}.Debug|x86.ActiveCfg = Debug|Any CPU
		{8B527EF6-645A-417A-A8D7-5960A56A04FF}.Debug|x86.Build.0 = Debug|Any CPU
		{8B527EF6-645A-417A-A8D7-5960A56A04FF}.Release|Any CPU.ActiveCfg = Release|Any CPU
		{8B527EF6-645A-417A-A8D7-5960A56A04FF}.Release|Any CPU.Build.0 = Release|Any CPU
		{8B527EF6-645A-417A-A8D7-5960A56A04FF}.Release|x64.ActiveCfg = Release|Any CPU
		{8B527EF6-645A-417A-A8D7-5960A56A04FF}.Release|x64.Build.0 = Release|Any CPU
		{8B527EF6-645A-417A-A8D7-5960A56A04FF}.Release|x86.ActiveCfg = Release|Any CPU
		{8B527EF6-645A-417A-A8D7-5960A56A04FF}.Release|x86.Build.0 = Release|Any CPU
		{DF6F61F5-B068-4588-8BD0-2A72BF27830D}.Debug|Any CPU.ActiveCfg = Debug|Any CPU
		{DF6F61F5-B068-4588-8BD0-2A72BF27830D}.Debug|Any CPU.Build.0 = Debug|Any CPU
		{DF6F61F5-B068-4588-8BD0-2A72BF27830D}.Debug|x64.ActiveCfg = Debug|Any CPU
		{DF6F61F5-B068-4588-8BD0-2A72BF27830D}.Debug|x64.Build.0 = Debug|Any CPU
		{DF6F61F5-B068-4588-8BD0-2A72BF27830D}.Debug|x86.ActiveCfg = Debug|Any CPU
		{DF6F61F5-B068-4588-8BD0-2A72BF27830D}.Debug|x86.Build.0 = Debug|Any CPU
		{DF6F61F5-B068-4588-8BD0-2A72BF27830D}.Release|Any CPU.ActiveCfg = Release|Any CPU
		{DF6F61F5-B068-4588-8BD0-2A72BF27830D}.Release|Any CPU.Build.0 = Release|Any CPU
		{DF6F61F5-B068-4588-8BD0-2A72BF27830D}.Release|x64.ActiveCfg = Release|Any CPU
		{DF6F61F5-B068-4588-8BD0-2A72BF27830D}.Release|x64.Build.0 = Release|Any CPU
		{DF6F61F5-B068-4588-8BD0-2A72BF27830D}.Release|x86.ActiveCfg = Release|Any CPU
		{DF6F61F5-B068-4588-8BD0-2A72BF27830D}.Release|x86.Build.0 = Release|Any CPU
		{9A6A5752-E9BE-427F-ADD8-0DFC06D9614F}.Debug|Any CPU.ActiveCfg = Debug|Any CPU
		{9A6A5752-E9BE-427F-ADD8-0DFC06D9614F}.Debug|Any CPU.Build.0 = Debug|Any CPU
		{9A6A5752-E9BE-427F-ADD8-0DFC06D9614F}.Debug|x64.ActiveCfg = Debug|Any CPU
		{9A6A5752-E9BE-427F-ADD8-0DFC06D9614F}.Debug|x64.Build.0 = Debug|Any CPU
		{9A6A5752-E9BE-427F-ADD8-0DFC06D9614F}.Debug|x86.ActiveCfg = Debug|Any CPU
		{9A6A5752-E9BE-427F-ADD8-0DFC06D9614F}.Debug|x86.Build.0 = Debug|Any CPU
		{9A6A5752-E9BE-427F-ADD8-0DFC06D9614F}.Release|Any CPU.ActiveCfg = Release|Any CPU
		{9A6A5752-E9BE-427F-ADD8-0DFC06D9614F}.Release|Any CPU.Build.0 = Release|Any CPU
		{9A6A5752-E9BE-427F-ADD8-0DFC06D9614F}.Release|x64.ActiveCfg = Release|Any CPU
		{9A6A5752-E9BE-427F-ADD8-0DFC06D9614F}.Release|x64.Build.0 = Release|Any CPU
		{9A6A5752-E9BE-427F-ADD8-0DFC06D9614F}.Release|x86.ActiveCfg = Release|Any CPU
		{9A6A5752-E9BE-427F-ADD8-0DFC06D9614F}.Release|x86.Build.0 = Release|Any CPU
		{FD872E10-7C0C-416D-90C5-C9C47364C1EC}.Debug|Any CPU.ActiveCfg = Debug|Any CPU
		{FD872E10-7C0C-416D-90C5-C9C47364C1EC}.Debug|Any CPU.Build.0 = Debug|Any CPU
		{FD872E10-7C0C-416D-90C5-C9C47364C1EC}.Debug|x64.ActiveCfg = Debug|Any CPU
		{FD872E10-7C0C-416D-90C5-C9C47364C1EC}.Debug|x64.Build.0 = Debug|Any CPU
		{FD872E10-7C0C-416D-90C5-C9C47364C1EC}.Debug|x86.ActiveCfg = Debug|Any CPU
		{FD872E10-7C0C-416D-90C5-C9C47364C1EC}.Debug|x86.Build.0 = Debug|Any CPU
		{FD872E10-7C0C-416D-90C5-C9C47364C1EC}.Release|Any CPU.ActiveCfg = Release|Any CPU
		{FD872E10-7C0C-416D-90C5-C9C47364C1EC}.Release|Any CPU.Build.0 = Release|Any CPU
		{FD872E10-7C0C-416D-90C5-C9C47364C1EC}.Release|x64.ActiveCfg = Release|Any CPU
		{FD872E10-7C0C-416D-90C5-C9C47364C1EC}.Release|x64.Build.0 = Release|Any CPU
		{FD872E10-7C0C-416D-90C5-C9C47364C1EC}.Release|x86.ActiveCfg = Release|Any CPU
		{FD872E10-7C0C-416D-90C5-C9C47364C1EC}.Release|x86.Build.0 = Release|Any CPU
	EndGlobalSection
EndGlobal
