
Microsoft Visual Studio Solution File, Format Version 12.00
# Visual Studio 15
VisualStudioVersion = 15.0.26124.0
MinimumVisualStudioVersion = 15.0.26124.0
Project("{FAE04EC0-301F-11D3-BF4B-00C04F79EFBC}") = "Penguin.Cms.Modules.Core.Local", "Penguin.Cms.Modules.Core.Local.csproj", "{41F59D22-CCD5-4025-B948-C57A9BDC955B}"
EndProject
Project("{FAE04EC0-301F-11D3-BF4B-00C04F79EFBC}") = "Penguin.Cms.Abstractions.Local", "..\Penguin.Cms.Abstractions\Penguin.Cms.Abstractions.Local.csproj", "{C021FFDC-2727-41C3-BC1D-A66834822BBC}"
EndProject
Project("{FAE04EC0-301F-11D3-BF4B-00C04F79EFBC}") = "Penguin.DependencyInjection.Abstractions.Local", "..\Penguin.DependencyInjection.Abstractions\Penguin.DependencyInjection.Abstractions.Local.csproj", "{53514637-3A77-436D-922E-A11406474E39}"
EndProject
Project("{FAE04EC0-301F-11D3-BF4B-00C04F79EFBC}") = "Penguin.Persistence.Abstractions.Local", "..\Penguin.Persistence.Abstractions\Penguin.Persistence.Abstractions.Local.csproj", "{AC90846A-6ADD-4850-995C-464459C66D95}"
EndProject
Project("{FAE04EC0-301F-11D3-BF4B-00C04F79EFBC}") = "Penguin.Entities.Abstractions.Local", "..\Penguin.Entities.Abstractions\Penguin.Entities.Abstractions.Local.csproj", "{42F9CD3A-7212-4646-BADB-173373B46341}"
EndProject
Project("{FAE04EC0-301F-11D3-BF4B-00C04F79EFBC}") = "Penguin.Reflection.Extensions.Local", "..\Penguin.Reflection.Extensions\Penguin.Reflection.Extensions.Local.csproj", "{CF5A0158-1A65-40B8-BBE5-F42A8517A425}"
EndProject
Project("{FAE04EC0-301F-11D3-BF4B-00C04F79EFBC}") = "Penguin.Extensions.String.Local", "..\Penguin.Extensions.String\Penguin.Extensions.String.Local.csproj", "{2F3CE686-DE28-4442-8EDE-31A1A7B0FD55}"
EndProject
Project("{FAE04EC0-301F-11D3-BF4B-00C04F79EFBC}") = "Penguin.Reflection.Abstractions.Local", "..\Penguin.Reflection.Abstractions\Penguin.Reflection.Abstractions.Local.csproj", "{DAD15473-D64C-4D3D-91E8-A268F62BC982}"
EndProject
Project("{FAE04EC0-301F-11D3-BF4B-00C04F79EFBC}") = "Penguin.Cms.Core.Local", "..\Penguin.Cms.Core\Penguin.Cms.Core.Local.csproj", "{84778A39-DA36-4233-A15D-04E3392877A9}"
EndProject
Project("{FAE04EC0-301F-11D3-BF4B-00C04F79EFBC}") = "Penguin.Reflection.Local", "..\Penguin.Reflection\Penguin.Reflection.Local.csproj", "{3DACE4F5-B159-43D1-9FD4-9D13E5AF56E8}"
EndProject
Project("{FAE04EC0-301F-11D3-BF4B-00C04F79EFBC}") = "Penguin.Debugging.Local", "..\Penguin.Debugging\Penguin.Debugging.Local.csproj", "{620DC1F9-B7D6-4E66-B84E-CF1D46C248CC}"
EndProject
Project("{FAE04EC0-301F-11D3-BF4B-00C04F79EFBC}") = "Penguin.Extensions.Exceptions.Local", "..\Penguin.Extensions.Exceptions\Penguin.Extensions.Exceptions.Local.csproj", "{CEA520EE-530B-4CDC-B15D-CA2665544063}"
EndProject
Project("{FAE04EC0-301F-11D3-BF4B-00C04F79EFBC}") = "Penguin.Cms.Web.Local", "..\Penguin.Cms.Web\Penguin.Cms.Web.Local.csproj", "{A06F7DD0-03F7-41FB-82CA-67CE406808CC}"
EndProject
Project("{FAE04EC0-301F-11D3-BF4B-00C04F79EFBC}") = "Penguin.Cms.Entities.Local", "..\Penguin.Cms.Entities\Penguin.Cms.Entities.Local.csproj", "{88FACA38-67B9-4AEE-89E5-77C8AA97AF21}"
EndProject
Project("{FAE04EC0-301F-11D3-BF4B-00C04F79EFBC}") = "Penguin.Configuration.Local", "..\Penguin.Configuration\Penguin.Configuration.Local.csproj", "{EBDD1C92-6B79-486D-8F54-0E5013D25BEC}"
EndProject
Project("{FAE04EC0-301F-11D3-BF4B-00C04F79EFBC}") = "Penguin.Configuration.Abstractions.Local", "..\Penguin.Configuration.Abstractions\Penguin.Configuration.Abstractions.Local.csproj", "{F4D3258C-3EE7-4A27-8F6D-D8F264D391C6}"
EndProject
Project("{FAE04EC0-301F-11D3-BF4B-00C04F79EFBC}") = "Penguin.DependencyInjection.Local", "..\Penguin.DependencyInjection\Penguin.DependencyInjection.Local.csproj", "{73D57B42-3818-47D7-B187-7E78697CCD61}"
EndProject
Project("{FAE04EC0-301F-11D3-BF4B-00C04F79EFBC}") = "Penguin.Extensions.Collections.Local", "..\Penguin.Extensions.Collections\Penguin.Extensions.Collections.Local.csproj", "{E4C1FE64-EA00-4996-B76D-29C93EF28D4A}"
EndProject
Project("{FAE04EC0-301F-11D3-BF4B-00C04F79EFBC}") = "Penguin.Files.Local", "..\Penguin.Files\Penguin.Files.Local.csproj", "{659346C9-B876-4814-B0B5-9F5139105DAC}"
EndProject
Project("{FAE04EC0-301F-11D3-BF4B-00C04F79EFBC}") = "Penguin.Files.Abstractions.Local", "..\Penguin.Files.Abstractions\Penguin.Files.Abstractions.Local.csproj", "{75E28357-D20B-433D-8624-68CC4C968D2E}"
EndProject
Project("{FAE04EC0-301F-11D3-BF4B-00C04F79EFBC}") = "Penguin.Security.Abstractions.Local", "..\Penguin.Security.Abstractions\Penguin.Security.Abstractions.Local.csproj", "{C5AF3531-C2A0-4F38-B4C9-0755BABD1EF3}"
EndProject
Project("{FAE04EC0-301F-11D3-BF4B-00C04F79EFBC}") = "Penguin.Messaging.Application.Local", "..\Penguin.Messaging.Application\Penguin.Messaging.Application.Local.csproj", "{07F20E4D-7B48-4C5E-A072-BAF8851BA87C}"
EndProject
Project("{FAE04EC0-301F-11D3-BF4B-00C04F79EFBC}") = "Penguin.Messaging.Abstractions.Local", "..\Penguin.Messaging.Abstractions\Penguin.Messaging.Abstractions.Local.csproj", "{74906CD6-6A57-4947-90C1-6E996AD2C1DA}"
EndProject
Project("{FAE04EC0-301F-11D3-BF4B-00C04F79EFBC}") = "Penguin.Messaging.Core.Local", "..\Penguin.Messaging.Core\Penguin.Messaging.Core.Local.csproj", "{8E8006E2-AF0D-4655-9FF3-361CC15DC30B}"
EndProject
Project("{FAE04EC0-301F-11D3-BF4B-00C04F79EFBC}") = "Penguin.Persistence.Database.Local", "..\Penguin.Persistence.Database\Penguin.Persistence.Database.Local.csproj", "{EEE21474-47B2-4F1C-B1DE-C88F3E950B63}"
EndProject
Project("{FAE04EC0-301F-11D3-BF4B-00C04F79EFBC}") = "Penguin.Threading.BackgroundWorker.Local", "..\Penguin.Threading.BackgroundWorker\Penguin.Threading.BackgroundWorker.Local.csproj", "{1689005C-B163-48F2-B832-9437BD719748}"
EndProject
Project("{FAE04EC0-301F-11D3-BF4B-00C04F79EFBC}") = "Penguin.Persistence.Repositories.Local", "..\Penguin.Persistence.Repositories\Penguin.Persistence.Repositories.Local.csproj", "{F8E5FE47-49FE-491E-BB11-AE02E1F8E1C9}"
EndProject
Project("{FAE04EC0-301F-11D3-BF4B-00C04F79EFBC}") = "Penguin.Messaging.Persistence.Local", "..\Penguin.Messaging.Persistence\Penguin.Messaging.Persistence.Local.csproj", "{503674F5-4B18-4868-A4CC-EAB7D673D66D}"
EndProject
Project("{FAE04EC0-301F-11D3-BF4B-00C04F79EFBC}") = "Penguin.Reflection.Serialization.Local", "..\Penguin.Reflection.Serialization\Penguin.Reflection.Serialization.Local.csproj", "{2F634942-109A-49B8-BE72-89817151C2E0}"
EndProject
Project("{FAE04EC0-301F-11D3-BF4B-00C04F79EFBC}") = "Penguin.Reflection.Serialization.Abstractions.Local", "..\Penguin.Reflection.Serialization.Abstractions\Penguin.Reflection.Serialization.Abstractions.Local.csproj", "{CD8FA030-3610-460A-9EFC-47C992A3A08D}"
EndProject
Project("{FAE04EC0-301F-11D3-BF4B-00C04F79EFBC}") = "Penguin.Reflection.Serialization.Extensions.Local", "..\Penguin.Reflection.Serialization.Extensions\Penguin.Reflection.Serialization.Extensions.Local.csproj", "{12B15BE4-4447-4810-BE23-7D8C3C53750A}"
EndProject
Project("{FAE04EC0-301F-11D3-BF4B-00C04F79EFBC}") = "Penguin.Templating.Abstractions.Local", "..\Penguin.Templating.Abstractions\Penguin.Templating.Abstractions.Local.csproj", "{B03D1E4D-0F64-4C98-9047-AB9319C1A96A}"
EndProject
Project("{FAE04EC0-301F-11D3-BF4B-00C04F79EFBC}") = "Penguin.Testing.Local", "..\Penguin.Testing\Penguin.Testing.Local.csproj", "{3FB7F3A0-0036-4379-966B-725DE452D2F0}"
EndProject
Project("{FAE04EC0-301F-11D3-BF4B-00C04F79EFBC}") = "Penguin.Web.Abstractions.Local", "..\Penguin.Web.Abstractions\Penguin.Web.Abstractions.Local.csproj", "{A1B8E273-B666-47F4-BBE9-CD152FD55C29}"
EndProject
Project("{FAE04EC0-301F-11D3-BF4B-00C04F79EFBC}") = "Penguin.Web.DependencyInjection.Local", "..\Penguin.Web.DependencyInjection\Penguin.Web.DependencyInjection.Local.csproj", "{9C881B4E-D3C8-4A5F-AEB2-FEAAFCD8C094}"
EndProject
Project("{FAE04EC0-301F-11D3-BF4B-00C04F79EFBC}") = "Penguin.Web.Testing.Local", "..\Penguin.Web.Testing\Penguin.Web.Testing.Local.csproj", "{A1B27FA6-7D3C-4EEB-A6EA-1F28F6054F67}"
EndProject
Project("{FAE04EC0-301F-11D3-BF4B-00C04F79EFBC}") = "Penguin.Web.Errors.Local", "..\Penguin.Web.Errors\Penguin.Web.Errors.Local.csproj", "{A4774297-C2B5-40D9-A8AD-238FECFF4A12}"
EndProject
Project("{FAE04EC0-301F-11D3-BF4B-00C04F79EFBC}") = "Penguin.Web.Mvc.Local", "..\Penguin.Web.Mvc\Penguin.Web.Mvc.Local.csproj", "{DDBF35EC-790D-4642-A8E7-5B5F03B20F39}"
EndProject
Project("{FAE04EC0-301F-11D3-BF4B-00C04F79EFBC}") = "Penguin.Web.Mvc.Abstractions.Local", "..\Penguin.Web.Mvc.Abstractions\Penguin.Web.Mvc.Abstractions.Local.csproj", "{93940430-B1B0-4559-AC6B-0BD012D6C8C9}"
EndProject
Project("{FAE04EC0-301F-11D3-BF4B-00C04F79EFBC}") = "Penguin.Navigation.Abstractions.Local", "..\Penguin.Navigation.Abstractions\Penguin.Navigation.Abstractions.Local.csproj", "{2697CE90-E26C-461A-BB00-6DF7249FB15B}"
EndProject
Global
	GlobalSection(SolutionConfigurationPlatforms) = preSolution
		Debug|Any CPU = Debug|Any CPU
		Debug|x64 = Debug|x64
		Debug|x86 = Debug|x86
		Release|Any CPU = Release|Any CPU
		Release|x64 = Release|x64
		Release|x86 = Release|x86
	EndGlobalSection
	GlobalSection(SolutionProperties) = preSolution
		HideSolutionNode = FALSE
	EndGlobalSection
	GlobalSection(ProjectConfigurationPlatforms) = postSolution
		{41F59D22-CCD5-4025-B948-C57A9BDC955B}.Debug|Any CPU.ActiveCfg = Debug|Any CPU
		{41F59D22-CCD5-4025-B948-C57A9BDC955B}.Debug|Any CPU.Build.0 = Debug|Any CPU
		{41F59D22-CCD5-4025-B948-C57A9BDC955B}.Debug|x64.ActiveCfg = Debug|Any CPU
		{41F59D22-CCD5-4025-B948-C57A9BDC955B}.Debug|x64.Build.0 = Debug|Any CPU
		{41F59D22-CCD5-4025-B948-C57A9BDC955B}.Debug|x86.ActiveCfg = Debug|Any CPU
		{41F59D22-CCD5-4025-B948-C57A9BDC955B}.Debug|x86.Build.0 = Debug|Any CPU
		{41F59D22-CCD5-4025-B948-C57A9BDC955B}.Release|Any CPU.ActiveCfg = Release|Any CPU
		{41F59D22-CCD5-4025-B948-C57A9BDC955B}.Release|Any CPU.Build.0 = Release|Any CPU
		{41F59D22-CCD5-4025-B948-C57A9BDC955B}.Release|x64.ActiveCfg = Release|Any CPU
		{41F59D22-CCD5-4025-B948-C57A9BDC955B}.Release|x64.Build.0 = Release|Any CPU
		{41F59D22-CCD5-4025-B948-C57A9BDC955B}.Release|x86.ActiveCfg = Release|Any CPU
		{41F59D22-CCD5-4025-B948-C57A9BDC955B}.Release|x86.Build.0 = Release|Any CPU
		{C021FFDC-2727-41C3-BC1D-A66834822BBC}.Debug|Any CPU.ActiveCfg = Debug|Any CPU
		{C021FFDC-2727-41C3-BC1D-A66834822BBC}.Debug|Any CPU.Build.0 = Debug|Any CPU
		{C021FFDC-2727-41C3-BC1D-A66834822BBC}.Debug|x64.ActiveCfg = Debug|Any CPU
		{C021FFDC-2727-41C3-BC1D-A66834822BBC}.Debug|x64.Build.0 = Debug|Any CPU
		{C021FFDC-2727-41C3-BC1D-A66834822BBC}.Debug|x86.ActiveCfg = Debug|Any CPU
		{C021FFDC-2727-41C3-BC1D-A66834822BBC}.Debug|x86.Build.0 = Debug|Any CPU
		{C021FFDC-2727-41C3-BC1D-A66834822BBC}.Release|Any CPU.ActiveCfg = Release|Any CPU
		{C021FFDC-2727-41C3-BC1D-A66834822BBC}.Release|Any CPU.Build.0 = Release|Any CPU
		{C021FFDC-2727-41C3-BC1D-A66834822BBC}.Release|x64.ActiveCfg = Release|Any CPU
		{C021FFDC-2727-41C3-BC1D-A66834822BBC}.Release|x64.Build.0 = Release|Any CPU
		{C021FFDC-2727-41C3-BC1D-A66834822BBC}.Release|x86.ActiveCfg = Release|Any CPU
		{C021FFDC-2727-41C3-BC1D-A66834822BBC}.Release|x86.Build.0 = Release|Any CPU
		{53514637-3A77-436D-922E-A11406474E39}.Debug|Any CPU.ActiveCfg = Debug|Any CPU
		{53514637-3A77-436D-922E-A11406474E39}.Debug|Any CPU.Build.0 = Debug|Any CPU
		{53514637-3A77-436D-922E-A11406474E39}.Debug|x64.ActiveCfg = Debug|Any CPU
		{53514637-3A77-436D-922E-A11406474E39}.Debug|x64.Build.0 = Debug|Any CPU
		{53514637-3A77-436D-922E-A11406474E39}.Debug|x86.ActiveCfg = Debug|Any CPU
		{53514637-3A77-436D-922E-A11406474E39}.Debug|x86.Build.0 = Debug|Any CPU
		{53514637-3A77-436D-922E-A11406474E39}.Release|Any CPU.ActiveCfg = Release|Any CPU
		{53514637-3A77-436D-922E-A11406474E39}.Release|Any CPU.Build.0 = Release|Any CPU
		{53514637-3A77-436D-922E-A11406474E39}.Release|x64.ActiveCfg = Release|Any CPU
		{53514637-3A77-436D-922E-A11406474E39}.Release|x64.Build.0 = Release|Any CPU
		{53514637-3A77-436D-922E-A11406474E39}.Release|x86.ActiveCfg = Release|Any CPU
		{53514637-3A77-436D-922E-A11406474E39}.Release|x86.Build.0 = Release|Any CPU
		{AC90846A-6ADD-4850-995C-464459C66D95}.Debug|Any CPU.ActiveCfg = Debug|Any CPU
		{AC90846A-6ADD-4850-995C-464459C66D95}.Debug|Any CPU.Build.0 = Debug|Any CPU
		{AC90846A-6ADD-4850-995C-464459C66D95}.Debug|x64.ActiveCfg = Debug|Any CPU
		{AC90846A-6ADD-4850-995C-464459C66D95}.Debug|x64.Build.0 = Debug|Any CPU
		{AC90846A-6ADD-4850-995C-464459C66D95}.Debug|x86.ActiveCfg = Debug|Any CPU
		{AC90846A-6ADD-4850-995C-464459C66D95}.Debug|x86.Build.0 = Debug|Any CPU
		{AC90846A-6ADD-4850-995C-464459C66D95}.Release|Any CPU.ActiveCfg = Release|Any CPU
		{AC90846A-6ADD-4850-995C-464459C66D95}.Release|Any CPU.Build.0 = Release|Any CPU
		{AC90846A-6ADD-4850-995C-464459C66D95}.Release|x64.ActiveCfg = Release|Any CPU
		{AC90846A-6ADD-4850-995C-464459C66D95}.Release|x64.Build.0 = Release|Any CPU
		{AC90846A-6ADD-4850-995C-464459C66D95}.Release|x86.ActiveCfg = Release|Any CPU
		{AC90846A-6ADD-4850-995C-464459C66D95}.Release|x86.Build.0 = Release|Any CPU
		{42F9CD3A-7212-4646-BADB-173373B46341}.Debug|Any CPU.ActiveCfg = Debug|Any CPU
		{42F9CD3A-7212-4646-BADB-173373B46341}.Debug|Any CPU.Build.0 = Debug|Any CPU
		{42F9CD3A-7212-4646-BADB-173373B46341}.Debug|x64.ActiveCfg = Debug|Any CPU
		{42F9CD3A-7212-4646-BADB-173373B46341}.Debug|x64.Build.0 = Debug|Any CPU
		{42F9CD3A-7212-4646-BADB-173373B46341}.Debug|x86.ActiveCfg = Debug|Any CPU
		{42F9CD3A-7212-4646-BADB-173373B46341}.Debug|x86.Build.0 = Debug|Any CPU
		{42F9CD3A-7212-4646-BADB-173373B46341}.Release|Any CPU.ActiveCfg = Release|Any CPU
		{42F9CD3A-7212-4646-BADB-173373B46341}.Release|Any CPU.Build.0 = Release|Any CPU
		{42F9CD3A-7212-4646-BADB-173373B46341}.Release|x64.ActiveCfg = Release|Any CPU
		{42F9CD3A-7212-4646-BADB-173373B46341}.Release|x64.Build.0 = Release|Any CPU
		{42F9CD3A-7212-4646-BADB-173373B46341}.Release|x86.ActiveCfg = Release|Any CPU
		{42F9CD3A-7212-4646-BADB-173373B46341}.Release|x86.Build.0 = Release|Any CPU
		{CF5A0158-1A65-40B8-BBE5-F42A8517A425}.Debug|Any CPU.ActiveCfg = Debug|Any CPU
		{CF5A0158-1A65-40B8-BBE5-F42A8517A425}.Debug|Any CPU.Build.0 = Debug|Any CPU
		{CF5A0158-1A65-40B8-BBE5-F42A8517A425}.Debug|x64.ActiveCfg = Debug|Any CPU
		{CF5A0158-1A65-40B8-BBE5-F42A8517A425}.Debug|x64.Build.0 = Debug|Any CPU
		{CF5A0158-1A65-40B8-BBE5-F42A8517A425}.Debug|x86.ActiveCfg = Debug|Any CPU
		{CF5A0158-1A65-40B8-BBE5-F42A8517A425}.Debug|x86.Build.0 = Debug|Any CPU
		{CF5A0158-1A65-40B8-BBE5-F42A8517A425}.Release|Any CPU.ActiveCfg = Release|Any CPU
		{CF5A0158-1A65-40B8-BBE5-F42A8517A425}.Release|Any CPU.Build.0 = Release|Any CPU
		{CF5A0158-1A65-40B8-BBE5-F42A8517A425}.Release|x64.ActiveCfg = Release|Any CPU
		{CF5A0158-1A65-40B8-BBE5-F42A8517A425}.Release|x64.Build.0 = Release|Any CPU
		{CF5A0158-1A65-40B8-BBE5-F42A8517A425}.Release|x86.ActiveCfg = Release|Any CPU
		{CF5A0158-1A65-40B8-BBE5-F42A8517A425}.Release|x86.Build.0 = Release|Any CPU
		{2F3CE686-DE28-4442-8EDE-31A1A7B0FD55}.Debug|Any CPU.ActiveCfg = Debug|Any CPU
		{2F3CE686-DE28-4442-8EDE-31A1A7B0FD55}.Debug|Any CPU.Build.0 = Debug|Any CPU
		{2F3CE686-DE28-4442-8EDE-31A1A7B0FD55}.Debug|x64.ActiveCfg = Debug|Any CPU
		{2F3CE686-DE28-4442-8EDE-31A1A7B0FD55}.Debug|x64.Build.0 = Debug|Any CPU
		{2F3CE686-DE28-4442-8EDE-31A1A7B0FD55}.Debug|x86.ActiveCfg = Debug|Any CPU
		{2F3CE686-DE28-4442-8EDE-31A1A7B0FD55}.Debug|x86.Build.0 = Debug|Any CPU
		{2F3CE686-DE28-4442-8EDE-31A1A7B0FD55}.Release|Any CPU.ActiveCfg = Release|Any CPU
		{2F3CE686-DE28-4442-8EDE-31A1A7B0FD55}.Release|Any CPU.Build.0 = Release|Any CPU
		{2F3CE686-DE28-4442-8EDE-31A1A7B0FD55}.Release|x64.ActiveCfg = Release|Any CPU
		{2F3CE686-DE28-4442-8EDE-31A1A7B0FD55}.Release|x64.Build.0 = Release|Any CPU
		{2F3CE686-DE28-4442-8EDE-31A1A7B0FD55}.Release|x86.ActiveCfg = Release|Any CPU
		{2F3CE686-DE28-4442-8EDE-31A1A7B0FD55}.Release|x86.Build.0 = Release|Any CPU
		{DAD15473-D64C-4D3D-91E8-A268F62BC982}.Debug|Any CPU.ActiveCfg = Debug|Any CPU
		{DAD15473-D64C-4D3D-91E8-A268F62BC982}.Debug|Any CPU.Build.0 = Debug|Any CPU
		{DAD15473-D64C-4D3D-91E8-A268F62BC982}.Debug|x64.ActiveCfg = Debug|Any CPU
		{DAD15473-D64C-4D3D-91E8-A268F62BC982}.Debug|x64.Build.0 = Debug|Any CPU
		{DAD15473-D64C-4D3D-91E8-A268F62BC982}.Debug|x86.ActiveCfg = Debug|Any CPU
		{DAD15473-D64C-4D3D-91E8-A268F62BC982}.Debug|x86.Build.0 = Debug|Any CPU
		{DAD15473-D64C-4D3D-91E8-A268F62BC982}.Release|Any CPU.ActiveCfg = Release|Any CPU
		{DAD15473-D64C-4D3D-91E8-A268F62BC982}.Release|Any CPU.Build.0 = Release|Any CPU
		{DAD15473-D64C-4D3D-91E8-A268F62BC982}.Release|x64.ActiveCfg = Release|Any CPU
		{DAD15473-D64C-4D3D-91E8-A268F62BC982}.Release|x64.Build.0 = Release|Any CPU
		{DAD15473-D64C-4D3D-91E8-A268F62BC982}.Release|x86.ActiveCfg = Release|Any CPU
		{DAD15473-D64C-4D3D-91E8-A268F62BC982}.Release|x86.Build.0 = Release|Any CPU
		{84778A39-DA36-4233-A15D-04E3392877A9}.Debug|Any CPU.ActiveCfg = Debug|Any CPU
		{84778A39-DA36-4233-A15D-04E3392877A9}.Debug|Any CPU.Build.0 = Debug|Any CPU
		{84778A39-DA36-4233-A15D-04E3392877A9}.Debug|x64.ActiveCfg = Debug|Any CPU
		{84778A39-DA36-4233-A15D-04E3392877A9}.Debug|x64.Build.0 = Debug|Any CPU
		{84778A39-DA36-4233-A15D-04E3392877A9}.Debug|x86.ActiveCfg = Debug|Any CPU
		{84778A39-DA36-4233-A15D-04E3392877A9}.Debug|x86.Build.0 = Debug|Any CPU
		{84778A39-DA36-4233-A15D-04E3392877A9}.Release|Any CPU.ActiveCfg = Release|Any CPU
		{84778A39-DA36-4233-A15D-04E3392877A9}.Release|Any CPU.Build.0 = Release|Any CPU
		{84778A39-DA36-4233-A15D-04E3392877A9}.Release|x64.ActiveCfg = Release|Any CPU
		{84778A39-DA36-4233-A15D-04E3392877A9}.Release|x64.Build.0 = Release|Any CPU
		{84778A39-DA36-4233-A15D-04E3392877A9}.Release|x86.ActiveCfg = Release|Any CPU
		{84778A39-DA36-4233-A15D-04E3392877A9}.Release|x86.Build.0 = Release|Any CPU
		{3DACE4F5-B159-43D1-9FD4-9D13E5AF56E8}.Debug|Any CPU.ActiveCfg = Debug|Any CPU
		{3DACE4F5-B159-43D1-9FD4-9D13E5AF56E8}.Debug|Any CPU.Build.0 = Debug|Any CPU
		{3DACE4F5-B159-43D1-9FD4-9D13E5AF56E8}.Debug|x64.ActiveCfg = Debug|Any CPU
		{3DACE4F5-B159-43D1-9FD4-9D13E5AF56E8}.Debug|x64.Build.0 = Debug|Any CPU
		{3DACE4F5-B159-43D1-9FD4-9D13E5AF56E8}.Debug|x86.ActiveCfg = Debug|Any CPU
		{3DACE4F5-B159-43D1-9FD4-9D13E5AF56E8}.Debug|x86.Build.0 = Debug|Any CPU
		{3DACE4F5-B159-43D1-9FD4-9D13E5AF56E8}.Release|Any CPU.ActiveCfg = Release|Any CPU
		{3DACE4F5-B159-43D1-9FD4-9D13E5AF56E8}.Release|Any CPU.Build.0 = Release|Any CPU
		{3DACE4F5-B159-43D1-9FD4-9D13E5AF56E8}.Release|x64.ActiveCfg = Release|Any CPU
		{3DACE4F5-B159-43D1-9FD4-9D13E5AF56E8}.Release|x64.Build.0 = Release|Any CPU
		{3DACE4F5-B159-43D1-9FD4-9D13E5AF56E8}.Release|x86.ActiveCfg = Release|Any CPU
		{3DACE4F5-B159-43D1-9FD4-9D13E5AF56E8}.Release|x86.Build.0 = Release|Any CPU
		{620DC1F9-B7D6-4E66-B84E-CF1D46C248CC}.Debug|Any CPU.ActiveCfg = Debug|Any CPU
		{620DC1F9-B7D6-4E66-B84E-CF1D46C248CC}.Debug|Any CPU.Build.0 = Debug|Any CPU
		{620DC1F9-B7D6-4E66-B84E-CF1D46C248CC}.Debug|x64.ActiveCfg = Debug|Any CPU
		{620DC1F9-B7D6-4E66-B84E-CF1D46C248CC}.Debug|x64.Build.0 = Debug|Any CPU
		{620DC1F9-B7D6-4E66-B84E-CF1D46C248CC}.Debug|x86.ActiveCfg = Debug|Any CPU
		{620DC1F9-B7D6-4E66-B84E-CF1D46C248CC}.Debug|x86.Build.0 = Debug|Any CPU
		{620DC1F9-B7D6-4E66-B84E-CF1D46C248CC}.Release|Any CPU.ActiveCfg = Release|Any CPU
		{620DC1F9-B7D6-4E66-B84E-CF1D46C248CC}.Release|Any CPU.Build.0 = Release|Any CPU
		{620DC1F9-B7D6-4E66-B84E-CF1D46C248CC}.Release|x64.ActiveCfg = Release|Any CPU
		{620DC1F9-B7D6-4E66-B84E-CF1D46C248CC}.Release|x64.Build.0 = Release|Any CPU
		{620DC1F9-B7D6-4E66-B84E-CF1D46C248CC}.Release|x86.ActiveCfg = Release|Any CPU
		{620DC1F9-B7D6-4E66-B84E-CF1D46C248CC}.Release|x86.Build.0 = Release|Any CPU
		{CEA520EE-530B-4CDC-B15D-CA2665544063}.Debug|Any CPU.ActiveCfg = Debug|Any CPU
		{CEA520EE-530B-4CDC-B15D-CA2665544063}.Debug|Any CPU.Build.0 = Debug|Any CPU
		{CEA520EE-530B-4CDC-B15D-CA2665544063}.Debug|x64.ActiveCfg = Debug|Any CPU
		{CEA520EE-530B-4CDC-B15D-CA2665544063}.Debug|x64.Build.0 = Debug|Any CPU
		{CEA520EE-530B-4CDC-B15D-CA2665544063}.Debug|x86.ActiveCfg = Debug|Any CPU
		{CEA520EE-530B-4CDC-B15D-CA2665544063}.Debug|x86.Build.0 = Debug|Any CPU
		{CEA520EE-530B-4CDC-B15D-CA2665544063}.Release|Any CPU.ActiveCfg = Release|Any CPU
		{CEA520EE-530B-4CDC-B15D-CA2665544063}.Release|Any CPU.Build.0 = Release|Any CPU
		{CEA520EE-530B-4CDC-B15D-CA2665544063}.Release|x64.ActiveCfg = Release|Any CPU
		{CEA520EE-530B-4CDC-B15D-CA2665544063}.Release|x64.Build.0 = Release|Any CPU
		{CEA520EE-530B-4CDC-B15D-CA2665544063}.Release|x86.ActiveCfg = Release|Any CPU
		{CEA520EE-530B-4CDC-B15D-CA2665544063}.Release|x86.Build.0 = Release|Any CPU
		{A06F7DD0-03F7-41FB-82CA-67CE406808CC}.Debug|Any CPU.ActiveCfg = Debug|Any CPU
		{A06F7DD0-03F7-41FB-82CA-67CE406808CC}.Debug|Any CPU.Build.0 = Debug|Any CPU
		{A06F7DD0-03F7-41FB-82CA-67CE406808CC}.Debug|x64.ActiveCfg = Debug|Any CPU
		{A06F7DD0-03F7-41FB-82CA-67CE406808CC}.Debug|x64.Build.0 = Debug|Any CPU
		{A06F7DD0-03F7-41FB-82CA-67CE406808CC}.Debug|x86.ActiveCfg = Debug|Any CPU
		{A06F7DD0-03F7-41FB-82CA-67CE406808CC}.Debug|x86.Build.0 = Debug|Any CPU
		{A06F7DD0-03F7-41FB-82CA-67CE406808CC}.Release|Any CPU.ActiveCfg = Release|Any CPU
		{A06F7DD0-03F7-41FB-82CA-67CE406808CC}.Release|Any CPU.Build.0 = Release|Any CPU
		{A06F7DD0-03F7-41FB-82CA-67CE406808CC}.Release|x64.ActiveCfg = Release|Any CPU
		{A06F7DD0-03F7-41FB-82CA-67CE406808CC}.Release|x64.Build.0 = Release|Any CPU
		{A06F7DD0-03F7-41FB-82CA-67CE406808CC}.Release|x86.ActiveCfg = Release|Any CPU
		{A06F7DD0-03F7-41FB-82CA-67CE406808CC}.Release|x86.Build.0 = Release|Any CPU
		{88FACA38-67B9-4AEE-89E5-77C8AA97AF21}.Debug|Any CPU.ActiveCfg = Debug|Any CPU
		{88FACA38-67B9-4AEE-89E5-77C8AA97AF21}.Debug|Any CPU.Build.0 = Debug|Any CPU
		{88FACA38-67B9-4AEE-89E5-77C8AA97AF21}.Debug|x64.ActiveCfg = Debug|Any CPU
		{88FACA38-67B9-4AEE-89E5-77C8AA97AF21}.Debug|x64.Build.0 = Debug|Any CPU
		{88FACA38-67B9-4AEE-89E5-77C8AA97AF21}.Debug|x86.ActiveCfg = Debug|Any CPU
		{88FACA38-67B9-4AEE-89E5-77C8AA97AF21}.Debug|x86.Build.0 = Debug|Any CPU
		{88FACA38-67B9-4AEE-89E5-77C8AA97AF21}.Release|Any CPU.ActiveCfg = Release|Any CPU
		{88FACA38-67B9-4AEE-89E5-77C8AA97AF21}.Release|Any CPU.Build.0 = Release|Any CPU
		{88FACA38-67B9-4AEE-89E5-77C8AA97AF21}.Release|x64.ActiveCfg = Release|Any CPU
		{88FACA38-67B9-4AEE-89E5-77C8AA97AF21}.Release|x64.Build.0 = Release|Any CPU
		{88FACA38-67B9-4AEE-89E5-77C8AA97AF21}.Release|x86.ActiveCfg = Release|Any CPU
		{88FACA38-67B9-4AEE-89E5-77C8AA97AF21}.Release|x86.Build.0 = Release|Any CPU
		{EBDD1C92-6B79-486D-8F54-0E5013D25BEC}.Debug|Any CPU.ActiveCfg = Debug|Any CPU
		{EBDD1C92-6B79-486D-8F54-0E5013D25BEC}.Debug|Any CPU.Build.0 = Debug|Any CPU
		{EBDD1C92-6B79-486D-8F54-0E5013D25BEC}.Debug|x64.ActiveCfg = Debug|Any CPU
		{EBDD1C92-6B79-486D-8F54-0E5013D25BEC}.Debug|x64.Build.0 = Debug|Any CPU
		{EBDD1C92-6B79-486D-8F54-0E5013D25BEC}.Debug|x86.ActiveCfg = Debug|Any CPU
		{EBDD1C92-6B79-486D-8F54-0E5013D25BEC}.Debug|x86.Build.0 = Debug|Any CPU
		{EBDD1C92-6B79-486D-8F54-0E5013D25BEC}.Release|Any CPU.ActiveCfg = Release|Any CPU
		{EBDD1C92-6B79-486D-8F54-0E5013D25BEC}.Release|Any CPU.Build.0 = Release|Any CPU
		{EBDD1C92-6B79-486D-8F54-0E5013D25BEC}.Release|x64.ActiveCfg = Release|Any CPU
		{EBDD1C92-6B79-486D-8F54-0E5013D25BEC}.Release|x64.Build.0 = Release|Any CPU
		{EBDD1C92-6B79-486D-8F54-0E5013D25BEC}.Release|x86.ActiveCfg = Release|Any CPU
		{EBDD1C92-6B79-486D-8F54-0E5013D25BEC}.Release|x86.Build.0 = Release|Any CPU
		{F4D3258C-3EE7-4A27-8F6D-D8F264D391C6}.Debug|Any CPU.ActiveCfg = Debug|Any CPU
		{F4D3258C-3EE7-4A27-8F6D-D8F264D391C6}.Debug|Any CPU.Build.0 = Debug|Any CPU
		{F4D3258C-3EE7-4A27-8F6D-D8F264D391C6}.Debug|x64.ActiveCfg = Debug|Any CPU
		{F4D3258C-3EE7-4A27-8F6D-D8F264D391C6}.Debug|x64.Build.0 = Debug|Any CPU
		{F4D3258C-3EE7-4A27-8F6D-D8F264D391C6}.Debug|x86.ActiveCfg = Debug|Any CPU
		{F4D3258C-3EE7-4A27-8F6D-D8F264D391C6}.Debug|x86.Build.0 = Debug|Any CPU
		{F4D3258C-3EE7-4A27-8F6D-D8F264D391C6}.Release|Any CPU.ActiveCfg = Release|Any CPU
		{F4D3258C-3EE7-4A27-8F6D-D8F264D391C6}.Release|Any CPU.Build.0 = Release|Any CPU
		{F4D3258C-3EE7-4A27-8F6D-D8F264D391C6}.Release|x64.ActiveCfg = Release|Any CPU
		{F4D3258C-3EE7-4A27-8F6D-D8F264D391C6}.Release|x64.Build.0 = Release|Any CPU
		{F4D3258C-3EE7-4A27-8F6D-D8F264D391C6}.Release|x86.ActiveCfg = Release|Any CPU
		{F4D3258C-3EE7-4A27-8F6D-D8F264D391C6}.Release|x86.Build.0 = Release|Any CPU
		{73D57B42-3818-47D7-B187-7E78697CCD61}.Debug|Any CPU.ActiveCfg = Debug|Any CPU
		{73D57B42-3818-47D7-B187-7E78697CCD61}.Debug|Any CPU.Build.0 = Debug|Any CPU
		{73D57B42-3818-47D7-B187-7E78697CCD61}.Debug|x64.ActiveCfg = Debug|Any CPU
		{73D57B42-3818-47D7-B187-7E78697CCD61}.Debug|x64.Build.0 = Debug|Any CPU
		{73D57B42-3818-47D7-B187-7E78697CCD61}.Debug|x86.ActiveCfg = Debug|Any CPU
		{73D57B42-3818-47D7-B187-7E78697CCD61}.Debug|x86.Build.0 = Debug|Any CPU
		{73D57B42-3818-47D7-B187-7E78697CCD61}.Release|Any CPU.ActiveCfg = Release|Any CPU
		{73D57B42-3818-47D7-B187-7E78697CCD61}.Release|Any CPU.Build.0 = Release|Any CPU
		{73D57B42-3818-47D7-B187-7E78697CCD61}.Release|x64.ActiveCfg = Release|Any CPU
		{73D57B42-3818-47D7-B187-7E78697CCD61}.Release|x64.Build.0 = Release|Any CPU
		{73D57B42-3818-47D7-B187-7E78697CCD61}.Release|x86.ActiveCfg = Release|Any CPU
		{73D57B42-3818-47D7-B187-7E78697CCD61}.Release|x86.Build.0 = Release|Any CPU
		{E4C1FE64-EA00-4996-B76D-29C93EF28D4A}.Debug|Any CPU.ActiveCfg = Debug|Any CPU
		{E4C1FE64-EA00-4996-B76D-29C93EF28D4A}.Debug|Any CPU.Build.0 = Debug|Any CPU
		{E4C1FE64-EA00-4996-B76D-29C93EF28D4A}.Debug|x64.ActiveCfg = Debug|Any CPU
		{E4C1FE64-EA00-4996-B76D-29C93EF28D4A}.Debug|x64.Build.0 = Debug|Any CPU
		{E4C1FE64-EA00-4996-B76D-29C93EF28D4A}.Debug|x86.ActiveCfg = Debug|Any CPU
		{E4C1FE64-EA00-4996-B76D-29C93EF28D4A}.Debug|x86.Build.0 = Debug|Any CPU
		{E4C1FE64-EA00-4996-B76D-29C93EF28D4A}.Release|Any CPU.ActiveCfg = Release|Any CPU
		{E4C1FE64-EA00-4996-B76D-29C93EF28D4A}.Release|Any CPU.Build.0 = Release|Any CPU
		{E4C1FE64-EA00-4996-B76D-29C93EF28D4A}.Release|x64.ActiveCfg = Release|Any CPU
		{E4C1FE64-EA00-4996-B76D-29C93EF28D4A}.Release|x64.Build.0 = Release|Any CPU
		{E4C1FE64-EA00-4996-B76D-29C93EF28D4A}.Release|x86.ActiveCfg = Release|Any CPU
		{E4C1FE64-EA00-4996-B76D-29C93EF28D4A}.Release|x86.Build.0 = Release|Any CPU
		{659346C9-B876-4814-B0B5-9F5139105DAC}.Debug|Any CPU.ActiveCfg = Debug|Any CPU
		{659346C9-B876-4814-B0B5-9F5139105DAC}.Debug|Any CPU.Build.0 = Debug|Any CPU
		{659346C9-B876-4814-B0B5-9F5139105DAC}.Debug|x64.ActiveCfg = Debug|Any CPU
		{659346C9-B876-4814-B0B5-9F5139105DAC}.Debug|x64.Build.0 = Debug|Any CPU
		{659346C9-B876-4814-B0B5-9F5139105DAC}.Debug|x86.ActiveCfg = Debug|Any CPU
		{659346C9-B876-4814-B0B5-9F5139105DAC}.Debug|x86.Build.0 = Debug|Any CPU
		{659346C9-B876-4814-B0B5-9F5139105DAC}.Release|Any CPU.ActiveCfg = Release|Any CPU
		{659346C9-B876-4814-B0B5-9F5139105DAC}.Release|Any CPU.Build.0 = Release|Any CPU
		{659346C9-B876-4814-B0B5-9F5139105DAC}.Release|x64.ActiveCfg = Release|Any CPU
		{659346C9-B876-4814-B0B5-9F5139105DAC}.Release|x64.Build.0 = Release|Any CPU
		{659346C9-B876-4814-B0B5-9F5139105DAC}.Release|x86.ActiveCfg = Release|Any CPU
		{659346C9-B876-4814-B0B5-9F5139105DAC}.Release|x86.Build.0 = Release|Any CPU
		{75E28357-D20B-433D-8624-68CC4C968D2E}.Debug|Any CPU.ActiveCfg = Debug|Any CPU
		{75E28357-D20B-433D-8624-68CC4C968D2E}.Debug|Any CPU.Build.0 = Debug|Any CPU
		{75E28357-D20B-433D-8624-68CC4C968D2E}.Debug|x64.ActiveCfg = Debug|Any CPU
		{75E28357-D20B-433D-8624-68CC4C968D2E}.Debug|x64.Build.0 = Debug|Any CPU
		{75E28357-D20B-433D-8624-68CC4C968D2E}.Debug|x86.ActiveCfg = Debug|Any CPU
		{75E28357-D20B-433D-8624-68CC4C968D2E}.Debug|x86.Build.0 = Debug|Any CPU
		{75E28357-D20B-433D-8624-68CC4C968D2E}.Release|Any CPU.ActiveCfg = Release|Any CPU
		{75E28357-D20B-433D-8624-68CC4C968D2E}.Release|Any CPU.Build.0 = Release|Any CPU
		{75E28357-D20B-433D-8624-68CC4C968D2E}.Release|x64.ActiveCfg = Release|Any CPU
		{75E28357-D20B-433D-8624-68CC4C968D2E}.Release|x64.Build.0 = Release|Any CPU
		{75E28357-D20B-433D-8624-68CC4C968D2E}.Release|x86.ActiveCfg = Release|Any CPU
		{75E28357-D20B-433D-8624-68CC4C968D2E}.Release|x86.Build.0 = Release|Any CPU
		{C5AF3531-C2A0-4F38-B4C9-0755BABD1EF3}.Debug|Any CPU.ActiveCfg = Debug|Any CPU
		{C5AF3531-C2A0-4F38-B4C9-0755BABD1EF3}.Debug|Any CPU.Build.0 = Debug|Any CPU
		{C5AF3531-C2A0-4F38-B4C9-0755BABD1EF3}.Debug|x64.ActiveCfg = Debug|Any CPU
		{C5AF3531-C2A0-4F38-B4C9-0755BABD1EF3}.Debug|x64.Build.0 = Debug|Any CPU
		{C5AF3531-C2A0-4F38-B4C9-0755BABD1EF3}.Debug|x86.ActiveCfg = Debug|Any CPU
		{C5AF3531-C2A0-4F38-B4C9-0755BABD1EF3}.Debug|x86.Build.0 = Debug|Any CPU
		{C5AF3531-C2A0-4F38-B4C9-0755BABD1EF3}.Release|Any CPU.ActiveCfg = Release|Any CPU
		{C5AF3531-C2A0-4F38-B4C9-0755BABD1EF3}.Release|Any CPU.Build.0 = Release|Any CPU
		{C5AF3531-C2A0-4F38-B4C9-0755BABD1EF3}.Release|x64.ActiveCfg = Release|Any CPU
		{C5AF3531-C2A0-4F38-B4C9-0755BABD1EF3}.Release|x64.Build.0 = Release|Any CPU
		{C5AF3531-C2A0-4F38-B4C9-0755BABD1EF3}.Release|x86.ActiveCfg = Release|Any CPU
		{C5AF3531-C2A0-4F38-B4C9-0755BABD1EF3}.Release|x86.Build.0 = Release|Any CPU
		{07F20E4D-7B48-4C5E-A072-BAF8851BA87C}.Debug|Any CPU.ActiveCfg = Debug|Any CPU
		{07F20E4D-7B48-4C5E-A072-BAF8851BA87C}.Debug|Any CPU.Build.0 = Debug|Any CPU
		{07F20E4D-7B48-4C5E-A072-BAF8851BA87C}.Debug|x64.ActiveCfg = Debug|Any CPU
		{07F20E4D-7B48-4C5E-A072-BAF8851BA87C}.Debug|x64.Build.0 = Debug|Any CPU
		{07F20E4D-7B48-4C5E-A072-BAF8851BA87C}.Debug|x86.ActiveCfg = Debug|Any CPU
		{07F20E4D-7B48-4C5E-A072-BAF8851BA87C}.Debug|x86.Build.0 = Debug|Any CPU
		{07F20E4D-7B48-4C5E-A072-BAF8851BA87C}.Release|Any CPU.ActiveCfg = Release|Any CPU
		{07F20E4D-7B48-4C5E-A072-BAF8851BA87C}.Release|Any CPU.Build.0 = Release|Any CPU
		{07F20E4D-7B48-4C5E-A072-BAF8851BA87C}.Release|x64.ActiveCfg = Release|Any CPU
		{07F20E4D-7B48-4C5E-A072-BAF8851BA87C}.Release|x64.Build.0 = Release|Any CPU
		{07F20E4D-7B48-4C5E-A072-BAF8851BA87C}.Release|x86.ActiveCfg = Release|Any CPU
		{07F20E4D-7B48-4C5E-A072-BAF8851BA87C}.Release|x86.Build.0 = Release|Any CPU
		{74906CD6-6A57-4947-90C1-6E996AD2C1DA}.Debug|Any CPU.ActiveCfg = Debug|Any CPU
		{74906CD6-6A57-4947-90C1-6E996AD2C1DA}.Debug|Any CPU.Build.0 = Debug|Any CPU
		{74906CD6-6A57-4947-90C1-6E996AD2C1DA}.Debug|x64.ActiveCfg = Debug|Any CPU
		{74906CD6-6A57-4947-90C1-6E996AD2C1DA}.Debug|x64.Build.0 = Debug|Any CPU
		{74906CD6-6A57-4947-90C1-6E996AD2C1DA}.Debug|x86.ActiveCfg = Debug|Any CPU
		{74906CD6-6A57-4947-90C1-6E996AD2C1DA}.Debug|x86.Build.0 = Debug|Any CPU
		{74906CD6-6A57-4947-90C1-6E996AD2C1DA}.Release|Any CPU.ActiveCfg = Release|Any CPU
		{74906CD6-6A57-4947-90C1-6E996AD2C1DA}.Release|Any CPU.Build.0 = Release|Any CPU
		{74906CD6-6A57-4947-90C1-6E996AD2C1DA}.Release|x64.ActiveCfg = Release|Any CPU
		{74906CD6-6A57-4947-90C1-6E996AD2C1DA}.Release|x64.Build.0 = Release|Any CPU
		{74906CD6-6A57-4947-90C1-6E996AD2C1DA}.Release|x86.ActiveCfg = Release|Any CPU
		{74906CD6-6A57-4947-90C1-6E996AD2C1DA}.Release|x86.Build.0 = Release|Any CPU
		{8E8006E2-AF0D-4655-9FF3-361CC15DC30B}.Debug|Any CPU.ActiveCfg = Debug|Any CPU
		{8E8006E2-AF0D-4655-9FF3-361CC15DC30B}.Debug|Any CPU.Build.0 = Debug|Any CPU
		{8E8006E2-AF0D-4655-9FF3-361CC15DC30B}.Debug|x64.ActiveCfg = Debug|Any CPU
		{8E8006E2-AF0D-4655-9FF3-361CC15DC30B}.Debug|x64.Build.0 = Debug|Any CPU
		{8E8006E2-AF0D-4655-9FF3-361CC15DC30B}.Debug|x86.ActiveCfg = Debug|Any CPU
		{8E8006E2-AF0D-4655-9FF3-361CC15DC30B}.Debug|x86.Build.0 = Debug|Any CPU
		{8E8006E2-AF0D-4655-9FF3-361CC15DC30B}.Release|Any CPU.ActiveCfg = Release|Any CPU
		{8E8006E2-AF0D-4655-9FF3-361CC15DC30B}.Release|Any CPU.Build.0 = Release|Any CPU
		{8E8006E2-AF0D-4655-9FF3-361CC15DC30B}.Release|x64.ActiveCfg = Release|Any CPU
		{8E8006E2-AF0D-4655-9FF3-361CC15DC30B}.Release|x64.Build.0 = Release|Any CPU
		{8E8006E2-AF0D-4655-9FF3-361CC15DC30B}.Release|x86.ActiveCfg = Release|Any CPU
		{8E8006E2-AF0D-4655-9FF3-361CC15DC30B}.Release|x86.Build.0 = Release|Any CPU
		{EEE21474-47B2-4F1C-B1DE-C88F3E950B63}.Debug|Any CPU.ActiveCfg = Debug|Any CPU
		{EEE21474-47B2-4F1C-B1DE-C88F3E950B63}.Debug|Any CPU.Build.0 = Debug|Any CPU
		{EEE21474-47B2-4F1C-B1DE-C88F3E950B63}.Debug|x64.ActiveCfg = Debug|Any CPU
		{EEE21474-47B2-4F1C-B1DE-C88F3E950B63}.Debug|x64.Build.0 = Debug|Any CPU
		{EEE21474-47B2-4F1C-B1DE-C88F3E950B63}.Debug|x86.ActiveCfg = Debug|Any CPU
		{EEE21474-47B2-4F1C-B1DE-C88F3E950B63}.Debug|x86.Build.0 = Debug|Any CPU
		{EEE21474-47B2-4F1C-B1DE-C88F3E950B63}.Release|Any CPU.ActiveCfg = Release|Any CPU
		{EEE21474-47B2-4F1C-B1DE-C88F3E950B63}.Release|Any CPU.Build.0 = Release|Any CPU
		{EEE21474-47B2-4F1C-B1DE-C88F3E950B63}.Release|x64.ActiveCfg = Release|Any CPU
		{EEE21474-47B2-4F1C-B1DE-C88F3E950B63}.Release|x64.Build.0 = Release|Any CPU
		{EEE21474-47B2-4F1C-B1DE-C88F3E950B63}.Release|x86.ActiveCfg = Release|Any CPU
		{EEE21474-47B2-4F1C-B1DE-C88F3E950B63}.Release|x86.Build.0 = Release|Any CPU
		{1689005C-B163-48F2-B832-9437BD719748}.Debug|Any CPU.ActiveCfg = Debug|Any CPU
		{1689005C-B163-48F2-B832-9437BD719748}.Debug|Any CPU.Build.0 = Debug|Any CPU
		{1689005C-B163-48F2-B832-9437BD719748}.Debug|x64.ActiveCfg = Debug|Any CPU
		{1689005C-B163-48F2-B832-9437BD719748}.Debug|x64.Build.0 = Debug|Any CPU
		{1689005C-B163-48F2-B832-9437BD719748}.Debug|x86.ActiveCfg = Debug|Any CPU
		{1689005C-B163-48F2-B832-9437BD719748}.Debug|x86.Build.0 = Debug|Any CPU
		{1689005C-B163-48F2-B832-9437BD719748}.Release|Any CPU.ActiveCfg = Release|Any CPU
		{1689005C-B163-48F2-B832-9437BD719748}.Release|Any CPU.Build.0 = Release|Any CPU
		{1689005C-B163-48F2-B832-9437BD719748}.Release|x64.ActiveCfg = Release|Any CPU
		{1689005C-B163-48F2-B832-9437BD719748}.Release|x64.Build.0 = Release|Any CPU
		{1689005C-B163-48F2-B832-9437BD719748}.Release|x86.ActiveCfg = Release|Any CPU
		{1689005C-B163-48F2-B832-9437BD719748}.Release|x86.Build.0 = Release|Any CPU
		{F8E5FE47-49FE-491E-BB11-AE02E1F8E1C9}.Debug|Any CPU.ActiveCfg = Debug|Any CPU
		{F8E5FE47-49FE-491E-BB11-AE02E1F8E1C9}.Debug|Any CPU.Build.0 = Debug|Any CPU
		{F8E5FE47-49FE-491E-BB11-AE02E1F8E1C9}.Debug|x64.ActiveCfg = Debug|Any CPU
		{F8E5FE47-49FE-491E-BB11-AE02E1F8E1C9}.Debug|x64.Build.0 = Debug|Any CPU
		{F8E5FE47-49FE-491E-BB11-AE02E1F8E1C9}.Debug|x86.ActiveCfg = Debug|Any CPU
		{F8E5FE47-49FE-491E-BB11-AE02E1F8E1C9}.Debug|x86.Build.0 = Debug|Any CPU
		{F8E5FE47-49FE-491E-BB11-AE02E1F8E1C9}.Release|Any CPU.ActiveCfg = Release|Any CPU
		{F8E5FE47-49FE-491E-BB11-AE02E1F8E1C9}.Release|Any CPU.Build.0 = Release|Any CPU
		{F8E5FE47-49FE-491E-BB11-AE02E1F8E1C9}.Release|x64.ActiveCfg = Release|Any CPU
		{F8E5FE47-49FE-491E-BB11-AE02E1F8E1C9}.Release|x64.Build.0 = Release|Any CPU
		{F8E5FE47-49FE-491E-BB11-AE02E1F8E1C9}.Release|x86.ActiveCfg = Release|Any CPU
		{F8E5FE47-49FE-491E-BB11-AE02E1F8E1C9}.Release|x86.Build.0 = Release|Any CPU
		{503674F5-4B18-4868-A4CC-EAB7D673D66D}.Debug|Any CPU.ActiveCfg = Debug|Any CPU
		{503674F5-4B18-4868-A4CC-EAB7D673D66D}.Debug|Any CPU.Build.0 = Debug|Any CPU
		{503674F5-4B18-4868-A4CC-EAB7D673D66D}.Debug|x64.ActiveCfg = Debug|Any CPU
		{503674F5-4B18-4868-A4CC-EAB7D673D66D}.Debug|x64.Build.0 = Debug|Any CPU
		{503674F5-4B18-4868-A4CC-EAB7D673D66D}.Debug|x86.ActiveCfg = Debug|Any CPU
		{503674F5-4B18-4868-A4CC-EAB7D673D66D}.Debug|x86.Build.0 = Debug|Any CPU
		{503674F5-4B18-4868-A4CC-EAB7D673D66D}.Release|Any CPU.ActiveCfg = Release|Any CPU
		{503674F5-4B18-4868-A4CC-EAB7D673D66D}.Release|Any CPU.Build.0 = Release|Any CPU
		{503674F5-4B18-4868-A4CC-EAB7D673D66D}.Release|x64.ActiveCfg = Release|Any CPU
		{503674F5-4B18-4868-A4CC-EAB7D673D66D}.Release|x64.Build.0 = Release|Any CPU
		{503674F5-4B18-4868-A4CC-EAB7D673D66D}.Release|x86.ActiveCfg = Release|Any CPU
		{503674F5-4B18-4868-A4CC-EAB7D673D66D}.Release|x86.Build.0 = Release|Any CPU
		{2F634942-109A-49B8-BE72-89817151C2E0}.Debug|Any CPU.ActiveCfg = Debug|Any CPU
		{2F634942-109A-49B8-BE72-89817151C2E0}.Debug|Any CPU.Build.0 = Debug|Any CPU
		{2F634942-109A-49B8-BE72-89817151C2E0}.Debug|x64.ActiveCfg = Debug|Any CPU
		{2F634942-109A-49B8-BE72-89817151C2E0}.Debug|x64.Build.0 = Debug|Any CPU
		{2F634942-109A-49B8-BE72-89817151C2E0}.Debug|x86.ActiveCfg = Debug|Any CPU
		{2F634942-109A-49B8-BE72-89817151C2E0}.Debug|x86.Build.0 = Debug|Any CPU
		{2F634942-109A-49B8-BE72-89817151C2E0}.Release|Any CPU.ActiveCfg = Release|Any CPU
		{2F634942-109A-49B8-BE72-89817151C2E0}.Release|Any CPU.Build.0 = Release|Any CPU
		{2F634942-109A-49B8-BE72-89817151C2E0}.Release|x64.ActiveCfg = Release|Any CPU
		{2F634942-109A-49B8-BE72-89817151C2E0}.Release|x64.Build.0 = Release|Any CPU
		{2F634942-109A-49B8-BE72-89817151C2E0}.Release|x86.ActiveCfg = Release|Any CPU
		{2F634942-109A-49B8-BE72-89817151C2E0}.Release|x86.Build.0 = Release|Any CPU
		{CD8FA030-3610-460A-9EFC-47C992A3A08D}.Debug|Any CPU.ActiveCfg = Debug|Any CPU
		{CD8FA030-3610-460A-9EFC-47C992A3A08D}.Debug|Any CPU.Build.0 = Debug|Any CPU
		{CD8FA030-3610-460A-9EFC-47C992A3A08D}.Debug|x64.ActiveCfg = Debug|Any CPU
		{CD8FA030-3610-460A-9EFC-47C992A3A08D}.Debug|x64.Build.0 = Debug|Any CPU
		{CD8FA030-3610-460A-9EFC-47C992A3A08D}.Debug|x86.ActiveCfg = Debug|Any CPU
		{CD8FA030-3610-460A-9EFC-47C992A3A08D}.Debug|x86.Build.0 = Debug|Any CPU
		{CD8FA030-3610-460A-9EFC-47C992A3A08D}.Release|Any CPU.ActiveCfg = Release|Any CPU
		{CD8FA030-3610-460A-9EFC-47C992A3A08D}.Release|Any CPU.Build.0 = Release|Any CPU
		{CD8FA030-3610-460A-9EFC-47C992A3A08D}.Release|x64.ActiveCfg = Release|Any CPU
		{CD8FA030-3610-460A-9EFC-47C992A3A08D}.Release|x64.Build.0 = Release|Any CPU
		{CD8FA030-3610-460A-9EFC-47C992A3A08D}.Release|x86.ActiveCfg = Release|Any CPU
		{CD8FA030-3610-460A-9EFC-47C992A3A08D}.Release|x86.Build.0 = Release|Any CPU
		{12B15BE4-4447-4810-BE23-7D8C3C53750A}.Debug|Any CPU.ActiveCfg = Debug|Any CPU
		{12B15BE4-4447-4810-BE23-7D8C3C53750A}.Debug|Any CPU.Build.0 = Debug|Any CPU
		{12B15BE4-4447-4810-BE23-7D8C3C53750A}.Debug|x64.ActiveCfg = Debug|Any CPU
		{12B15BE4-4447-4810-BE23-7D8C3C53750A}.Debug|x64.Build.0 = Debug|Any CPU
		{12B15BE4-4447-4810-BE23-7D8C3C53750A}.Debug|x86.ActiveCfg = Debug|Any CPU
		{12B15BE4-4447-4810-BE23-7D8C3C53750A}.Debug|x86.Build.0 = Debug|Any CPU
		{12B15BE4-4447-4810-BE23-7D8C3C53750A}.Release|Any CPU.ActiveCfg = Release|Any CPU
		{12B15BE4-4447-4810-BE23-7D8C3C53750A}.Release|Any CPU.Build.0 = Release|Any CPU
		{12B15BE4-4447-4810-BE23-7D8C3C53750A}.Release|x64.ActiveCfg = Release|Any CPU
		{12B15BE4-4447-4810-BE23-7D8C3C53750A}.Release|x64.Build.0 = Release|Any CPU
		{12B15BE4-4447-4810-BE23-7D8C3C53750A}.Release|x86.ActiveCfg = Release|Any CPU
		{12B15BE4-4447-4810-BE23-7D8C3C53750A}.Release|x86.Build.0 = Release|Any CPU
		{B03D1E4D-0F64-4C98-9047-AB9319C1A96A}.Debug|Any CPU.ActiveCfg = Debug|Any CPU
		{B03D1E4D-0F64-4C98-9047-AB9319C1A96A}.Debug|Any CPU.Build.0 = Debug|Any CPU
		{B03D1E4D-0F64-4C98-9047-AB9319C1A96A}.Debug|x64.ActiveCfg = Debug|Any CPU
		{B03D1E4D-0F64-4C98-9047-AB9319C1A96A}.Debug|x64.Build.0 = Debug|Any CPU
		{B03D1E4D-0F64-4C98-9047-AB9319C1A96A}.Debug|x86.ActiveCfg = Debug|Any CPU
		{B03D1E4D-0F64-4C98-9047-AB9319C1A96A}.Debug|x86.Build.0 = Debug|Any CPU
		{B03D1E4D-0F64-4C98-9047-AB9319C1A96A}.Release|Any CPU.ActiveCfg = Release|Any CPU
		{B03D1E4D-0F64-4C98-9047-AB9319C1A96A}.Release|Any CPU.Build.0 = Release|Any CPU
		{B03D1E4D-0F64-4C98-9047-AB9319C1A96A}.Release|x64.ActiveCfg = Release|Any CPU
		{B03D1E4D-0F64-4C98-9047-AB9319C1A96A}.Release|x64.Build.0 = Release|Any CPU
		{B03D1E4D-0F64-4C98-9047-AB9319C1A96A}.Release|x86.ActiveCfg = Release|Any CPU
		{B03D1E4D-0F64-4C98-9047-AB9319C1A96A}.Release|x86.Build.0 = Release|Any CPU
		{3FB7F3A0-0036-4379-966B-725DE452D2F0}.Debug|Any CPU.ActiveCfg = Debug|Any CPU
		{3FB7F3A0-0036-4379-966B-725DE452D2F0}.Debug|Any CPU.Build.0 = Debug|Any CPU
		{3FB7F3A0-0036-4379-966B-725DE452D2F0}.Debug|x64.ActiveCfg = Debug|Any CPU
		{3FB7F3A0-0036-4379-966B-725DE452D2F0}.Debug|x64.Build.0 = Debug|Any CPU
		{3FB7F3A0-0036-4379-966B-725DE452D2F0}.Debug|x86.ActiveCfg = Debug|Any CPU
		{3FB7F3A0-0036-4379-966B-725DE452D2F0}.Debug|x86.Build.0 = Debug|Any CPU
		{3FB7F3A0-0036-4379-966B-725DE452D2F0}.Release|Any CPU.ActiveCfg = Release|Any CPU
		{3FB7F3A0-0036-4379-966B-725DE452D2F0}.Release|Any CPU.Build.0 = Release|Any CPU
		{3FB7F3A0-0036-4379-966B-725DE452D2F0}.Release|x64.ActiveCfg = Release|Any CPU
		{3FB7F3A0-0036-4379-966B-725DE452D2F0}.Release|x64.Build.0 = Release|Any CPU
		{3FB7F3A0-0036-4379-966B-725DE452D2F0}.Release|x86.ActiveCfg = Release|Any CPU
		{3FB7F3A0-0036-4379-966B-725DE452D2F0}.Release|x86.Build.0 = Release|Any CPU
		{A1B8E273-B666-47F4-BBE9-CD152FD55C29}.Debug|Any CPU.ActiveCfg = Debug|Any CPU
		{A1B8E273-B666-47F4-BBE9-CD152FD55C29}.Debug|Any CPU.Build.0 = Debug|Any CPU
		{A1B8E273-B666-47F4-BBE9-CD152FD55C29}.Debug|x64.ActiveCfg = Debug|Any CPU
		{A1B8E273-B666-47F4-BBE9-CD152FD55C29}.Debug|x64.Build.0 = Debug|Any CPU
		{A1B8E273-B666-47F4-BBE9-CD152FD55C29}.Debug|x86.ActiveCfg = Debug|Any CPU
		{A1B8E273-B666-47F4-BBE9-CD152FD55C29}.Debug|x86.Build.0 = Debug|Any CPU
		{A1B8E273-B666-47F4-BBE9-CD152FD55C29}.Release|Any CPU.ActiveCfg = Release|Any CPU
		{A1B8E273-B666-47F4-BBE9-CD152FD55C29}.Release|Any CPU.Build.0 = Release|Any CPU
		{A1B8E273-B666-47F4-BBE9-CD152FD55C29}.Release|x64.ActiveCfg = Release|Any CPU
		{A1B8E273-B666-47F4-BBE9-CD152FD55C29}.Release|x64.Build.0 = Release|Any CPU
		{A1B8E273-B666-47F4-BBE9-CD152FD55C29}.Release|x86.ActiveCfg = Release|Any CPU
		{A1B8E273-B666-47F4-BBE9-CD152FD55C29}.Release|x86.Build.0 = Release|Any CPU
		{9C881B4E-D3C8-4A5F-AEB2-FEAAFCD8C094}.Debug|Any CPU.ActiveCfg = Debug|Any CPU
		{9C881B4E-D3C8-4A5F-AEB2-FEAAFCD8C094}.Debug|Any CPU.Build.0 = Debug|Any CPU
		{9C881B4E-D3C8-4A5F-AEB2-FEAAFCD8C094}.Debug|x64.ActiveCfg = Debug|Any CPU
		{9C881B4E-D3C8-4A5F-AEB2-FEAAFCD8C094}.Debug|x64.Build.0 = Debug|Any CPU
		{9C881B4E-D3C8-4A5F-AEB2-FEAAFCD8C094}.Debug|x86.ActiveCfg = Debug|Any CPU
		{9C881B4E-D3C8-4A5F-AEB2-FEAAFCD8C094}.Debug|x86.Build.0 = Debug|Any CPU
		{9C881B4E-D3C8-4A5F-AEB2-FEAAFCD8C094}.Release|Any CPU.ActiveCfg = Release|Any CPU
		{9C881B4E-D3C8-4A5F-AEB2-FEAAFCD8C094}.Release|Any CPU.Build.0 = Release|Any CPU
		{9C881B4E-D3C8-4A5F-AEB2-FEAAFCD8C094}.Release|x64.ActiveCfg = Release|Any CPU
		{9C881B4E-D3C8-4A5F-AEB2-FEAAFCD8C094}.Release|x64.Build.0 = Release|Any CPU
		{9C881B4E-D3C8-4A5F-AEB2-FEAAFCD8C094}.Release|x86.ActiveCfg = Release|Any CPU
		{9C881B4E-D3C8-4A5F-AEB2-FEAAFCD8C094}.Release|x86.Build.0 = Release|Any CPU
		{A1B27FA6-7D3C-4EEB-A6EA-1F28F6054F67}.Debug|Any CPU.ActiveCfg = Debug|Any CPU
		{A1B27FA6-7D3C-4EEB-A6EA-1F28F6054F67}.Debug|Any CPU.Build.0 = Debug|Any CPU
		{A1B27FA6-7D3C-4EEB-A6EA-1F28F6054F67}.Debug|x64.ActiveCfg = Debug|Any CPU
		{A1B27FA6-7D3C-4EEB-A6EA-1F28F6054F67}.Debug|x64.Build.0 = Debug|Any CPU
		{A1B27FA6-7D3C-4EEB-A6EA-1F28F6054F67}.Debug|x86.ActiveCfg = Debug|Any CPU
		{A1B27FA6-7D3C-4EEB-A6EA-1F28F6054F67}.Debug|x86.Build.0 = Debug|Any CPU
		{A1B27FA6-7D3C-4EEB-A6EA-1F28F6054F67}.Release|Any CPU.ActiveCfg = Release|Any CPU
		{A1B27FA6-7D3C-4EEB-A6EA-1F28F6054F67}.Release|Any CPU.Build.0 = Release|Any CPU
		{A1B27FA6-7D3C-4EEB-A6EA-1F28F6054F67}.Release|x64.ActiveCfg = Release|Any CPU
		{A1B27FA6-7D3C-4EEB-A6EA-1F28F6054F67}.Release|x64.Build.0 = Release|Any CPU
		{A1B27FA6-7D3C-4EEB-A6EA-1F28F6054F67}.Release|x86.ActiveCfg = Release|Any CPU
		{A1B27FA6-7D3C-4EEB-A6EA-1F28F6054F67}.Release|x86.Build.0 = Release|Any CPU
		{A4774297-C2B5-40D9-A8AD-238FECFF4A12}.Debug|Any CPU.ActiveCfg = Debug|Any CPU
		{A4774297-C2B5-40D9-A8AD-238FECFF4A12}.Debug|Any CPU.Build.0 = Debug|Any CPU
		{A4774297-C2B5-40D9-A8AD-238FECFF4A12}.Debug|x64.ActiveCfg = Debug|Any CPU
		{A4774297-C2B5-40D9-A8AD-238FECFF4A12}.Debug|x64.Build.0 = Debug|Any CPU
		{A4774297-C2B5-40D9-A8AD-238FECFF4A12}.Debug|x86.ActiveCfg = Debug|Any CPU
		{A4774297-C2B5-40D9-A8AD-238FECFF4A12}.Debug|x86.Build.0 = Debug|Any CPU
		{A4774297-C2B5-40D9-A8AD-238FECFF4A12}.Release|Any CPU.ActiveCfg = Release|Any CPU
		{A4774297-C2B5-40D9-A8AD-238FECFF4A12}.Release|Any CPU.Build.0 = Release|Any CPU
		{A4774297-C2B5-40D9-A8AD-238FECFF4A12}.Release|x64.ActiveCfg = Release|Any CPU
		{A4774297-C2B5-40D9-A8AD-238FECFF4A12}.Release|x64.Build.0 = Release|Any CPU
		{A4774297-C2B5-40D9-A8AD-238FECFF4A12}.Release|x86.ActiveCfg = Release|Any CPU
		{A4774297-C2B5-40D9-A8AD-238FECFF4A12}.Release|x86.Build.0 = Release|Any CPU
		{DDBF35EC-790D-4642-A8E7-5B5F03B20F39}.Debug|Any CPU.ActiveCfg = Debug|Any CPU
		{DDBF35EC-790D-4642-A8E7-5B5F03B20F39}.Debug|Any CPU.Build.0 = Debug|Any CPU
		{DDBF35EC-790D-4642-A8E7-5B5F03B20F39}.Debug|x64.ActiveCfg = Debug|Any CPU
		{DDBF35EC-790D-4642-A8E7-5B5F03B20F39}.Debug|x64.Build.0 = Debug|Any CPU
		{DDBF35EC-790D-4642-A8E7-5B5F03B20F39}.Debug|x86.ActiveCfg = Debug|Any CPU
		{DDBF35EC-790D-4642-A8E7-5B5F03B20F39}.Debug|x86.Build.0 = Debug|Any CPU
		{DDBF35EC-790D-4642-A8E7-5B5F03B20F39}.Release|Any CPU.ActiveCfg = Release|Any CPU
		{DDBF35EC-790D-4642-A8E7-5B5F03B20F39}.Release|Any CPU.Build.0 = Release|Any CPU
		{DDBF35EC-790D-4642-A8E7-5B5F03B20F39}.Release|x64.ActiveCfg = Release|Any CPU
		{DDBF35EC-790D-4642-A8E7-5B5F03B20F39}.Release|x64.Build.0 = Release|Any CPU
		{DDBF35EC-790D-4642-A8E7-5B5F03B20F39}.Release|x86.ActiveCfg = Release|Any CPU
		{DDBF35EC-790D-4642-A8E7-5B5F03B20F39}.Release|x86.Build.0 = Release|Any CPU
		{93940430-B1B0-4559-AC6B-0BD012D6C8C9}.Debug|Any CPU.ActiveCfg = Debug|Any CPU
		{93940430-B1B0-4559-AC6B-0BD012D6C8C9}.Debug|Any CPU.Build.0 = Debug|Any CPU
		{93940430-B1B0-4559-AC6B-0BD012D6C8C9}.Debug|x64.ActiveCfg = Debug|Any CPU
		{93940430-B1B0-4559-AC6B-0BD012D6C8C9}.Debug|x64.Build.0 = Debug|Any CPU
		{93940430-B1B0-4559-AC6B-0BD012D6C8C9}.Debug|x86.ActiveCfg = Debug|Any CPU
		{93940430-B1B0-4559-AC6B-0BD012D6C8C9}.Debug|x86.Build.0 = Debug|Any CPU
		{93940430-B1B0-4559-AC6B-0BD012D6C8C9}.Release|Any CPU.ActiveCfg = Release|Any CPU
		{93940430-B1B0-4559-AC6B-0BD012D6C8C9}.Release|Any CPU.Build.0 = Release|Any CPU
		{93940430-B1B0-4559-AC6B-0BD012D6C8C9}.Release|x64.ActiveCfg = Release|Any CPU
		{93940430-B1B0-4559-AC6B-0BD012D6C8C9}.Release|x64.Build.0 = Release|Any CPU
		{93940430-B1B0-4559-AC6B-0BD012D6C8C9}.Release|x86.ActiveCfg = Release|Any CPU
		{93940430-B1B0-4559-AC6B-0BD012D6C8C9}.Release|x86.Build.0 = Release|Any CPU
		{2697CE90-E26C-461A-BB00-6DF7249FB15B}.Debug|Any CPU.ActiveCfg = Debug|Any CPU
		{2697CE90-E26C-461A-BB00-6DF7249FB15B}.Debug|Any CPU.Build.0 = Debug|Any CPU
		{2697CE90-E26C-461A-BB00-6DF7249FB15B}.Debug|x64.ActiveCfg = Debug|Any CPU
		{2697CE90-E26C-461A-BB00-6DF7249FB15B}.Debug|x64.Build.0 = Debug|Any CPU
		{2697CE90-E26C-461A-BB00-6DF7249FB15B}.Debug|x86.ActiveCfg = Debug|Any CPU
		{2697CE90-E26C-461A-BB00-6DF7249FB15B}.Debug|x86.Build.0 = Debug|Any CPU
		{2697CE90-E26C-461A-BB00-6DF7249FB15B}.Release|Any CPU.ActiveCfg = Release|Any CPU
		{2697CE90-E26C-461A-BB00-6DF7249FB15B}.Release|Any CPU.Build.0 = Release|Any CPU
		{2697CE90-E26C-461A-BB00-6DF7249FB15B}.Release|x64.ActiveCfg = Release|Any CPU
		{2697CE90-E26C-461A-BB00-6DF7249FB15B}.Release|x64.Build.0 = Release|Any CPU
		{2697CE90-E26C-461A-BB00-6DF7249FB15B}.Release|x86.ActiveCfg = Release|Any CPU
		{2697CE90-E26C-461A-BB00-6DF7249FB15B}.Release|x86.Build.0 = Release|Any CPU
	EndGlobalSection
EndGlobal
